// !$*UTF8*$!
{
	archiveVersion = 1;
	classes = {
	};
	objectVersion = 50;
	objects = {

/* Begin PBXBuildFile section */
		5930A7A5229C20DF00221653 /* AppDelegate.swift in Sources */ = {isa = PBXBuildFile; fileRef = 5930A7A4229C20DF00221653 /* AppDelegate.swift */; };
		5930A7AC229C20E100221653 /* Assets.xcassets in Resources */ = {isa = PBXBuildFile; fileRef = 5930A7AB229C20E100221653 /* Assets.xcassets */; };
		5930A7AF229C20E100221653 /* LaunchScreen.storyboard in Resources */ = {isa = PBXBuildFile; fileRef = 5930A7AD229C20E100221653 /* LaunchScreen.storyboard */; };
		5930A7B9229C266200221653 /* SWTTabBarController.swift in Sources */ = {isa = PBXBuildFile; fileRef = 5930A7B8229C266200221653 /* SWTTabBarController.swift */; };
		5930A7C5229C2AC300221653 /* SWTLoginController.swift in Sources */ = {isa = PBXBuildFile; fileRef = 5930A7C4229C2AC300221653 /* SWTLoginController.swift */; };
		5930A81722BDEAA100221653 /* SWTMineViewController.swift in Sources */ = {isa = PBXBuildFile; fileRef = 5930A81622BDEAA100221653 /* SWTMineViewController.swift */; };
		5930A81B22BDEC3B00221653 /* SWTMineCell.swift in Sources */ = {isa = PBXBuildFile; fileRef = 5930A81A22BDEC3B00221653 /* SWTMineCell.swift */; };
		5930A82022BDF01F00221653 /* tableview_arrow2x.png in Resources */ = {isa = PBXBuildFile; fileRef = 5930A81D22BDF01F00221653 /* tableview_arrow2x.png */; };
		5930A82122BDF01F00221653 /* tableview_arrow.png in Resources */ = {isa = PBXBuildFile; fileRef = 5930A81E22BDF01F00221653 /* tableview_arrow.png */; };
		5930A82222BDF01F00221653 /* tableview_arrow@3x.png in Resources */ = {isa = PBXBuildFile; fileRef = 5930A81F22BDF01F00221653 /* tableview_arrow@3x.png */; };
		5930A82522BDF25100221653 /* SWTMineCellModel.swift in Sources */ = {isa = PBXBuildFile; fileRef = 5930A82422BDF25100221653 /* SWTMineCellModel.swift */; };
		5930A82722BE011800221653 /* SWTSettingViewController.swift in Sources */ = {isa = PBXBuildFile; fileRef = 5930A82622BE011800221653 /* SWTSettingViewController.swift */; };
		5930A82B22BE031E00221653 /* SWTSettingTableViewCell.swift in Sources */ = {isa = PBXBuildFile; fileRef = 5930A82A22BE031E00221653 /* SWTSettingTableViewCell.swift */; };
		5930A82F22BE057300221653 /* ZCCacheManager.swift in Sources */ = {isa = PBXBuildFile; fileRef = 5930A82E22BE057300221653 /* ZCCacheManager.swift */; };
		5930A83522BE0EFD00221653 /* ZCNSObject+Dispatch.swift in Sources */ = {isa = PBXBuildFile; fileRef = 5930A83122BE0EFD00221653 /* ZCNSObject+Dispatch.swift */; };
		5930A83622BE0EFD00221653 /* ZCUIColor+Extension.swift in Sources */ = {isa = PBXBuildFile; fileRef = 5930A83222BE0EFD00221653 /* ZCUIColor+Extension.swift */; };
		5930A83722BE0EFD00221653 /* ZCNSString+Attribute.swift in Sources */ = {isa = PBXBuildFile; fileRef = 5930A83322BE0EFD00221653 /* ZCNSString+Attribute.swift */; };
		5930A83822BE0EFD00221653 /* ZCNumber+Change.swift in Sources */ = {isa = PBXBuildFile; fileRef = 5930A83422BE0EFD00221653 /* ZCNumber+Change.swift */; };
		5930A83A22C108A800221653 /* SWTUnitSettingController.swift in Sources */ = {isa = PBXBuildFile; fileRef = 5930A83922C108A800221653 /* SWTUnitSettingController.swift */; };
		5930A83F22C1090000221653 /* SWTBaseSettingController.swift in Sources */ = {isa = PBXBuildFile; fileRef = 5930A83E22C1090000221653 /* SWTBaseSettingController.swift */; };
		5930A84222C10FE100221653 /* SWTAppCommonColor.swift in Sources */ = {isa = PBXBuildFile; fileRef = 5930A84122C10FE100221653 /* SWTAppCommonColor.swift */; };
		5930A84522C110F800221653 /* SWTAppCommonConstant.swift in Sources */ = {isa = PBXBuildFile; fileRef = 5930A84422C110F800221653 /* SWTAppCommonConstant.swift */; };
		5930A84822C112FE00221653 /* SWTAboutUsController.swift in Sources */ = {isa = PBXBuildFile; fileRef = 5930A84722C112FE00221653 /* SWTAboutUsController.swift */; };
		5930A84A22C1157C00221653 /* SWTAppInfo.swift in Sources */ = {isa = PBXBuildFile; fileRef = 5930A84922C1157C00221653 /* SWTAppInfo.swift */; };
		5930A84E22C11AD700221653 /* SWTGoalSettingController.swift in Sources */ = {isa = PBXBuildFile; fileRef = 5930A84D22C11AD700221653 /* SWTGoalSettingController.swift */; };
		5930A85222C11C9800221653 /* SWTSearchDeviceController.swift in Sources */ = {isa = PBXBuildFile; fileRef = 5930A85122C11C9800221653 /* SWTSearchDeviceController.swift */; };
		5930A85422C3B0D700221653 /* SWTMyDeviceConnectController.swift in Sources */ = {isa = PBXBuildFile; fileRef = 5930A85322C3B0D700221653 /* SWTMyDeviceConnectController.swift */; };
		5930A85722C3B2AA00221653 /* SWTMyDeviceHeaderView.swift in Sources */ = {isa = PBXBuildFile; fileRef = 5930A85622C3B2AA00221653 /* SWTMyDeviceHeaderView.swift */; };
		5930A8E122CA47E400221653 /* v24微信-按下@3x.png in Resources */ = {isa = PBXBuildFile; fileRef = 5930A85922CA47E400221653 /* v24微信-按下@3x.png */; };
		5930A8E222CA47E400221653 /* v25蓝牙图@3x.png in Resources */ = {isa = PBXBuildFile; fileRef = 5930A85A22CA47E400221653 /* v25蓝牙图@3x.png */; };
		5930A8E322CA47E400221653 /* v1返回-常态@3x.png in Resources */ = {isa = PBXBuildFile; fileRef = 5930A85B22CA47E400221653 /* v1返回-常态@3x.png */; };
		5930A8E422CA47E400221653 /* v33最小化-常态@3x.png in Resources */ = {isa = PBXBuildFile; fileRef = 5930A85C22CA47E400221653 /* v33最小化-常态@3x.png */; };
		5930A8E522CA47E400221653 /* v1签到图标-按下@3x.png in Resources */ = {isa = PBXBuildFile; fileRef = 5930A85D22CA47E400221653 /* v1签到图标-按下@3x.png */; };
		5930A8E622CA47E400221653 /* v25设备图@3x.png in Resources */ = {isa = PBXBuildFile; fileRef = 5930A85E22CA47E400221653 /* v25设备图@3x.png */; };
		5930A8E722CA47E400221653 /* v28第三方消息推送@3x.png in Resources */ = {isa = PBXBuildFile; fileRef = 5930A85F22CA47E400221653 /* v28第三方消息推送@3x.png */; };
		5930A8E822CA47E400221653 /* v29连接底图-常态@2x.png in Resources */ = {isa = PBXBuildFile; fileRef = 5930A86022CA47E400221653 /* v29连接底图-常态@2x.png */; };
		5930A8E922CA47E400221653 /* v1运动-按下@2x.png in Resources */ = {isa = PBXBuildFile; fileRef = 5930A86122CA47E400221653 /* v1运动-按下@2x.png */; };
		5930A8EA22CA47E400221653 /* v1前进图标@3x.png in Resources */ = {isa = PBXBuildFile; fileRef = 5930A86222CA47E400221653 /* v1前进图标@3x.png */; };
		5930A8EB22CA47E400221653 /* v24下载-按下@2x.png in Resources */ = {isa = PBXBuildFile; fileRef = 5930A86322CA47E400221653 /* v24下载-按下@2x.png */; };
		5930A8EC22CA47E400221653 /* v28设备图@3x.png in Resources */ = {isa = PBXBuildFile; fileRef = 5930A86422CA47E400221653 /* v28设备图@3x.png */; };
		5930A8ED22CA47E400221653 /* v32按钮-常态@2x.png in Resources */ = {isa = PBXBuildFile; fileRef = 5930A86522CA47E400221653 /* v32按钮-常态@2x.png */; };
		5930A8EE22CA47E400221653 /* v23立即签到按钮-常态@2x.png in Resources */ = {isa = PBXBuildFile; fileRef = 5930A86622CA47E400221653 /* v23立即签到按钮-常态@2x.png */; };
		5930A8EF22CA47E400221653 /* v24关闭-常态@2x.png in Resources */ = {isa = PBXBuildFile; fileRef = 5930A86722CA47E400221653 /* v24关闭-常态@2x.png */; };
		5930A8F022CA47E400221653 /* v24关闭-常态@3x.png in Resources */ = {isa = PBXBuildFile; fileRef = 5930A86822CA47E400221653 /* v24关闭-常态@3x.png */; };
		5930A8F122CA47E400221653 /* v23立即签到按钮-常态@3x.png in Resources */ = {isa = PBXBuildFile; fileRef = 5930A86922CA47E400221653 /* v23立即签到按钮-常态@3x.png */; };
		5930A8F222CA47E400221653 /* v32按钮-常态@3x.png in Resources */ = {isa = PBXBuildFile; fileRef = 5930A86A22CA47E400221653 /* v32按钮-常态@3x.png */; };
		5930A8F322CA47E400221653 /* v28设备图@2x.png in Resources */ = {isa = PBXBuildFile; fileRef = 5930A86B22CA47E400221653 /* v28设备图@2x.png */; };
		5930A8F422CA47E400221653 /* v24下载-按下@3x.png in Resources */ = {isa = PBXBuildFile; fileRef = 5930A86C22CA47E400221653 /* v24下载-按下@3x.png */; };
		5930A8F522CA47E400221653 /* v1前进图标@2x.png in Resources */ = {isa = PBXBuildFile; fileRef = 5930A86D22CA47E400221653 /* v1前进图标@2x.png */; };
		5930A8F622CA47E400221653 /* v1运动-按下@3x.png in Resources */ = {isa = PBXBuildFile; fileRef = 5930A86E22CA47E400221653 /* v1运动-按下@3x.png */; };
		5930A8F722CA47E400221653 /* v29连接底图-常态@3x.png in Resources */ = {isa = PBXBuildFile; fileRef = 5930A86F22CA47E400221653 /* v29连接底图-常态@3x.png */; };
		5930A8F822CA47E400221653 /* v28第三方消息推送@2x.png in Resources */ = {isa = PBXBuildFile; fileRef = 5930A87022CA47E400221653 /* v28第三方消息推送@2x.png */; };
		5930A8F922CA47E400221653 /* v1签到图标-按下@2x.png in Resources */ = {isa = PBXBuildFile; fileRef = 5930A87122CA47E400221653 /* v1签到图标-按下@2x.png */; };
		5930A8FA22CA47E400221653 /* v25设备图@2x.png in Resources */ = {isa = PBXBuildFile; fileRef = 5930A87222CA47E400221653 /* v25设备图@2x.png */; };
		5930A8FB22CA47E400221653 /* v1返回-常态@2x.png in Resources */ = {isa = PBXBuildFile; fileRef = 5930A87322CA47E400221653 /* v1返回-常态@2x.png */; };
		5930A8FC22CA47E400221653 /* v33最小化-常态@2x.png in Resources */ = {isa = PBXBuildFile; fileRef = 5930A87422CA47E400221653 /* v33最小化-常态@2x.png */; };
		5930A8FD22CA47E400221653 /* v24微信-按下@2x.png in Resources */ = {isa = PBXBuildFile; fileRef = 5930A87522CA47E400221653 /* v24微信-按下@2x.png */; };
		5930A8FE22CA47E400221653 /* v25蓝牙图@2x.png in Resources */ = {isa = PBXBuildFile; fileRef = 5930A87622CA47E400221653 /* v25蓝牙图@2x.png */; };
		5930A8FF22CA47E400221653 /* v1签到前进-按下@3x.png in Resources */ = {isa = PBXBuildFile; fileRef = 5930A87722CA47E400221653 /* v1签到前进-按下@3x.png */; };
		5930A90022CA47E400221653 /* v1我的-常态@3x.png in Resources */ = {isa = PBXBuildFile; fileRef = 5930A87822CA47E400221653 /* v1我的-常态@3x.png */; };
		5930A90122CA47E400221653 /* v1签到底图-常态@2x.png in Resources */ = {isa = PBXBuildFile; fileRef = 5930A87922CA47E400221653 /* v1签到底图-常态@2x.png */; };
		5930A90222CA47E400221653 /* v28免打扰@2x.png in Resources */ = {isa = PBXBuildFile; fileRef = 5930A87A22CA47E400221653 /* v28免打扰@2x.png */; };
		5930A90322CA47E400221653 /* v23分享底板@3x.png in Resources */ = {isa = PBXBuildFile; fileRef = 5930A87B22CA47E400221653 /* v23分享底板@3x.png */; };
		5930A90422CA47E400221653 /* v51返回-按下@3x.png in Resources */ = {isa = PBXBuildFile; fileRef = 5930A87C22CA47E400221653 /* v51返回-按下@3x.png */; };
		5930A90522CA47E400221653 /* v1我的设备@3x.png in Resources */ = {isa = PBXBuildFile; fileRef = 5930A87D22CA47E400221653 /* v1我的设备@3x.png */; };
		5930A90622CA47E400221653 /* v28闹钟提醒@3x.png in Resources */ = {isa = PBXBuildFile; fileRef = 5930A87E22CA47E400221653 /* v28闹钟提醒@3x.png */; };
		5930A90722CA47E400221653 /* v33拍照-常态@2x.png in Resources */ = {isa = PBXBuildFile; fileRef = 5930A87F22CA47E400221653 /* v33拍照-常态@2x.png */; };
		5930A90822CA47E400221653 /* v1设置-常态@2x.png in Resources */ = {isa = PBXBuildFile; fileRef = 5930A88022CA47E400221653 /* v1设置-常态@2x.png */; };
		5930A90922CA47E400221653 /* v28日程提醒@2x.png in Resources */ = {isa = PBXBuildFile; fileRef = 5930A88122CA47E400221653 /* v28日程提醒@2x.png */; };
		5930A90A22CA47E400221653 /* v24签到图标@2x.png in Resources */ = {isa = PBXBuildFile; fileRef = 5930A88222CA47E400221653 /* v24签到图标@2x.png */; };
		5930A90B22CA47E400221653 /* v28查找手环@2x.png in Resources */ = {isa = PBXBuildFile; fileRef = 5930A88322CA47E400221653 /* v28查找手环@2x.png */; };
		5930A90C22CA47E400221653 /* v24朋友圈-常态@2x.png in Resources */ = {isa = PBXBuildFile; fileRef = 5930A88422CA47E400221653 /* v24朋友圈-常态@2x.png */; };
		5930A90D22CA47E400221653 /* v1推荐好友@2x.png in Resources */ = {isa = PBXBuildFile; fileRef = 5930A88522CA47E400221653 /* v1推荐好友@2x.png */; };
		5930A90E22CA47E400221653 /* v1签到图@2x.png in Resources */ = {isa = PBXBuildFile; fileRef = 5930A88622CA47E400221653 /* v1签到图@2x.png */; };
		5930A90F22CA47E400221653 /* v1签到图@3x.png in Resources */ = {isa = PBXBuildFile; fileRef = 5930A88722CA47E400221653 /* v1签到图@3x.png */; };
		5930A91022CA47E400221653 /* v24朋友圈-常态@3x.png in Resources */ = {isa = PBXBuildFile; fileRef = 5930A88822CA47E400221653 /* v24朋友圈-常态@3x.png */; };
		5930A91122CA47E400221653 /* v1推荐好友@3x.png in Resources */ = {isa = PBXBuildFile; fileRef = 5930A88922CA47E400221653 /* v1推荐好友@3x.png */; };
		5930A91222CA47E400221653 /* v28查找手环@3x.png in Resources */ = {isa = PBXBuildFile; fileRef = 5930A88A22CA47E400221653 /* v28查找手环@3x.png */; };
		5930A91322CA47E400221653 /* v24签到图标@3x.png in Resources */ = {isa = PBXBuildFile; fileRef = 5930A88B22CA47E400221653 /* v24签到图标@3x.png */; };
		5930A91422CA47E400221653 /* v28日程提醒@3x.png in Resources */ = {isa = PBXBuildFile; fileRef = 5930A88C22CA47E400221653 /* v28日程提醒@3x.png */; };
		5930A91522CA47E400221653 /* v33拍照-常态@3x.png in Resources */ = {isa = PBXBuildFile; fileRef = 5930A88D22CA47E400221653 /* v33拍照-常态@3x.png */; };
		5930A91622CA47E400221653 /* v1设置-常态@3x.png in Resources */ = {isa = PBXBuildFile; fileRef = 5930A88E22CA47E400221653 /* v1设置-常态@3x.png */; };
		5930A91722CA47E400221653 /* v28闹钟提醒@2x.png in Resources */ = {isa = PBXBuildFile; fileRef = 5930A88F22CA47E400221653 /* v28闹钟提醒@2x.png */; };
		5930A91822CA47E400221653 /* v1我的设备@2x.png in Resources */ = {isa = PBXBuildFile; fileRef = 5930A89022CA47E400221653 /* v1我的设备@2x.png */; };
		5930A91922CA47E400221653 /* v51返回-按下@2x.png in Resources */ = {isa = PBXBuildFile; fileRef = 5930A89122CA47E400221653 /* v51返回-按下@2x.png */; };
		5930A91A22CA47E400221653 /* v28免打扰@3x.png in Resources */ = {isa = PBXBuildFile; fileRef = 5930A89222CA47E400221653 /* v28免打扰@3x.png */; };
		5930A91B22CA47E400221653 /* v23分享底板@2x.png in Resources */ = {isa = PBXBuildFile; fileRef = 5930A89322CA47E400221653 /* v23分享底板@2x.png */; };
		5930A91C22CA47E400221653 /* v1我的-常态@2x.png in Resources */ = {isa = PBXBuildFile; fileRef = 5930A89422CA47E400221653 /* v1我的-常态@2x.png */; };
		5930A91D22CA47E400221653 /* v1签到底图-常态@3x.png in Resources */ = {isa = PBXBuildFile; fileRef = 5930A89522CA47E400221653 /* v1签到底图-常态@3x.png */; };
		5930A91E22CA47E400221653 /* v1签到前进-按下@2x.png in Resources */ = {isa = PBXBuildFile; fileRef = 5930A89622CA47E400221653 /* v1签到前进-按下@2x.png */; };
		5930A91F22CA47E400221653 /* v25小圆点@3x.png in Resources */ = {isa = PBXBuildFile; fileRef = 5930A89722CA47E400221653 /* v25小圆点@3x.png */; };
		5930A92022CA47E400221653 /* v24微信-按下@2x(1).png in Resources */ = {isa = PBXBuildFile; fileRef = 5930A89822CA47E400221653 /* v24微信-按下@2x(1).png */; };
		5930A92122CA47E400221653 /* v24朋友圈-按下@2x.png in Resources */ = {isa = PBXBuildFile; fileRef = 5930A89922CA47E400221653 /* v24朋友圈-按下@2x.png */; };
		5930A92222CA47E400221653 /* v28远程音乐@3x.png in Resources */ = {isa = PBXBuildFile; fileRef = 5930A89A22CA47E400221653 /* v28远程音乐@3x.png */; };
		5930A92322CA47E400221653 /* v35为空图@3x.png in Resources */ = {isa = PBXBuildFile; fileRef = 5930A89B22CA47E400221653 /* v35为空图@3x.png */; };
		5930A92422CA47E400221653 /* v24微信-常态@2x(1).png in Resources */ = {isa = PBXBuildFile; fileRef = 5930A89C22CA47E400221653 /* v24微信-常态@2x(1).png */; };
		5930A92522CA47E400221653 /* v1设置-按下@2x.png in Resources */ = {isa = PBXBuildFile; fileRef = 5930A89D22CA47E400221653 /* v1设置-按下@2x.png */; };
		5930A92622CA47E400221653 /* v33拍照-按下@2x.png in Resources */ = {isa = PBXBuildFile; fileRef = 5930A89E22CA47E400221653 /* v33拍照-按下@2x.png */; };
		5930A92722CA47E400221653 /* v1设定目标@2x.png in Resources */ = {isa = PBXBuildFile; fileRef = 5930A89F22CA47E400221653 /* v1设定目标@2x.png */; };
		5930A92822CA47E400221653 /* v28远程相机@2x.png in Resources */ = {isa = PBXBuildFile; fileRef = 5930A8A022CA47E400221653 /* v28远程相机@2x.png */; };
		5930A92922CA47E400221653 /* v28健康提醒@2x.png in Resources */ = {isa = PBXBuildFile; fileRef = 5930A8A122CA47E400221653 /* v28健康提醒@2x.png */; };
		5930A92A22CA47E400221653 /* v1签到前进-常态@3x.png in Resources */ = {isa = PBXBuildFile; fileRef = 5930A8A222CA47E400221653 /* v1签到前进-常态@3x.png */; };
		5930A92B22CA47E500221653 /* v28来电提醒@3x.png in Resources */ = {isa = PBXBuildFile; fileRef = 5930A8A322CA47E400221653 /* v28来电提醒@3x.png */; };
		5930A92C22CA47E500221653 /* v1我的-按下@3x.png in Resources */ = {isa = PBXBuildFile; fileRef = 5930A8A422CA47E400221653 /* v1我的-按下@3x.png */; };
		5930A92D22CA47E500221653 /* v1签到底图-按下@2x.png in Resources */ = {isa = PBXBuildFile; fileRef = 5930A8A522CA47E400221653 /* v1签到底图-按下@2x.png */; };
		5930A92E22CA47E500221653 /* v33翻转相机@2x.png in Resources */ = {isa = PBXBuildFile; fileRef = 5930A8A622CA47E400221653 /* v33翻转相机@2x.png */; };
		5930A92F22CA47E500221653 /* v29刷新@3x.png in Resources */ = {isa = PBXBuildFile; fileRef = 5930A8A722CA47E400221653 /* v29刷新@3x.png */; };
		5930A93022CA47E500221653 /* v51返回-常态@3x.png in Resources */ = {isa = PBXBuildFile; fileRef = 5930A8A822CA47E400221653 /* v51返回-常态@3x.png */; };
		5930A93122CA47E500221653 /* v28短信提醒@2x.png in Resources */ = {isa = PBXBuildFile; fileRef = 5930A8A922CA47E400221653 /* v28短信提醒@2x.png */; };
		5930A93222CA47E500221653 /* v28短信提醒@3x.png in Resources */ = {isa = PBXBuildFile; fileRef = 5930A8AA22CA47E400221653 /* v28短信提醒@3x.png */; };
		5930A93322CA47E500221653 /* v33翻转相机@3x.png in Resources */ = {isa = PBXBuildFile; fileRef = 5930A8AB22CA47E400221653 /* v33翻转相机@3x.png */; };
		5930A93422CA47E500221653 /* v29刷新@2x.png in Resources */ = {isa = PBXBuildFile; fileRef = 5930A8AC22CA47E400221653 /* v29刷新@2x.png */; };
		5930A93522CA47E500221653 /* v51返回-常态@2x.png in Resources */ = {isa = PBXBuildFile; fileRef = 5930A8AD22CA47E400221653 /* v51返回-常态@2x.png */; };
		5930A93622CA47E500221653 /* v1我的-按下@2x.png in Resources */ = {isa = PBXBuildFile; fileRef = 5930A8AE22CA47E400221653 /* v1我的-按下@2x.png */; };
		5930A93722CA47E500221653 /* v1签到底图-按下@3x.png in Resources */ = {isa = PBXBuildFile; fileRef = 5930A8AF22CA47E400221653 /* v1签到底图-按下@3x.png */; };
		5930A93822CA47E500221653 /* v28来电提醒@2x.png in Resources */ = {isa = PBXBuildFile; fileRef = 5930A8B022CA47E400221653 /* v28来电提醒@2x.png */; };
		5930A93922CA47E500221653 /* v28健康提醒@3x.png in Resources */ = {isa = PBXBuildFile; fileRef = 5930A8B122CA47E400221653 /* v28健康提醒@3x.png */; };
		5930A93A22CA47E500221653 /* v1签到前进-常态@2x.png in Resources */ = {isa = PBXBuildFile; fileRef = 5930A8B222CA47E400221653 /* v1签到前进-常态@2x.png */; };
		5930A93B22CA47E500221653 /* v28远程相机@3x.png in Resources */ = {isa = PBXBuildFile; fileRef = 5930A8B322CA47E400221653 /* v28远程相机@3x.png */; };
		5930A93C22CA47E500221653 /* v1设定目标@3x.png in Resources */ = {isa = PBXBuildFile; fileRef = 5930A8B422CA47E400221653 /* v1设定目标@3x.png */; };
		5930A93D22CA47E500221653 /* v1设置-按下@3x.png in Resources */ = {isa = PBXBuildFile; fileRef = 5930A8B522CA47E400221653 /* v1设置-按下@3x.png */; };
		5930A93E22CA47E500221653 /* v33拍照-按下@3x.png in Resources */ = {isa = PBXBuildFile; fileRef = 5930A8B622CA47E400221653 /* v33拍照-按下@3x.png */; };
		5930A93F22CA47E500221653 /* v35为空图@2x.png in Resources */ = {isa = PBXBuildFile; fileRef = 5930A8B722CA47E400221653 /* v35为空图@2x.png */; };
		5930A94022CA47E500221653 /* v28远程音乐@2x.png in Resources */ = {isa = PBXBuildFile; fileRef = 5930A8B822CA47E400221653 /* v28远程音乐@2x.png */; };
		5930A94122CA47E500221653 /* v24微信-按下@3x(1).png in Resources */ = {isa = PBXBuildFile; fileRef = 5930A8B922CA47E400221653 /* v24微信-按下@3x(1).png */; };
		5930A94222CA47E500221653 /* v24朋友圈-按下@3x.png in Resources */ = {isa = PBXBuildFile; fileRef = 5930A8BA22CA47E400221653 /* v24朋友圈-按下@3x.png */; };
		5930A94322CA47E500221653 /* v25小圆点@2x.png in Resources */ = {isa = PBXBuildFile; fileRef = 5930A8BB22CA47E400221653 /* v25小圆点@2x.png */; };
		5930A94422CA47E500221653 /* v24微信-常态@3x(1).png in Resources */ = {isa = PBXBuildFile; fileRef = 5930A8BC22CA47E400221653 /* v24微信-常态@3x(1).png */; };
		5930A94522CA47E500221653 /* v23立即签到按钮-按下@2x.png in Resources */ = {isa = PBXBuildFile; fileRef = 5930A8BD22CA47E400221653 /* v23立即签到按钮-按下@2x.png */; };
		5930A94622CA47E500221653 /* v1添加设备@2x.png in Resources */ = {isa = PBXBuildFile; fileRef = 5930A8BE22CA47E400221653 /* v1添加设备@2x.png */; };
		5930A94722CA47E500221653 /* v32按钮-按下@2x.png in Resources */ = {isa = PBXBuildFile; fileRef = 5930A8BF22CA47E400221653 /* v32按钮-按下@2x.png */; };
		5930A94822CA47E500221653 /* v24关闭-按下@2x.png in Resources */ = {isa = PBXBuildFile; fileRef = 5930A8C022CA47E400221653 /* v24关闭-按下@2x.png */; };
		5930A94922CA47E500221653 /* v32设备图@3x.png in Resources */ = {isa = PBXBuildFile; fileRef = 5930A8C122CA47E400221653 /* v32设备图@3x.png */; };
		5930A94A22CA47E500221653 /* v1身体数据@2x.png in Resources */ = {isa = PBXBuildFile; fileRef = 5930A8C222CA47E400221653 /* v1身体数据@2x.png */; };
		5930A94B22CA47E500221653 /* v51为空图@2x.png in Resources */ = {isa = PBXBuildFile; fileRef = 5930A8C322CA47E400221653 /* v51为空图@2x.png */; };
		5930A94C22CA47E500221653 /* v1数据-常态@3x.png in Resources */ = {isa = PBXBuildFile; fileRef = 5930A8C422CA47E400221653 /* v1数据-常态@3x.png */; };
		5930A94D22CA47E500221653 /* v1运动-常态@2x.png in Resources */ = {isa = PBXBuildFile; fileRef = 5930A8C522CA47E400221653 /* v1运动-常态@2x.png */; };
		5930A94E22CA47E500221653 /* v24下载-常态@2x.png in Resources */ = {isa = PBXBuildFile; fileRef = 5930A8C622CA47E400221653 /* v24下载-常态@2x.png */; };
		5930A94F22CA47E500221653 /* v1返回-按下@3x.png in Resources */ = {isa = PBXBuildFile; fileRef = 5930A8C722CA47E400221653 /* v1返回-按下@3x.png */; };
		5930A95022CA47E500221653 /* v33最小化-按下@3x.png in Resources */ = {isa = PBXBuildFile; fileRef = 5930A8C822CA47E400221653 /* v33最小化-按下@3x.png */; };
		5930A95122CA47E500221653 /* v24微信-常态@3x.png in Resources */ = {isa = PBXBuildFile; fileRef = 5930A8C922CA47E400221653 /* v24微信-常态@3x.png */; };
		5930A95222CA47E500221653 /* v1签到图标-常态@3x.png in Resources */ = {isa = PBXBuildFile; fileRef = 5930A8CA22CA47E400221653 /* v1签到图标-常态@3x.png */; };
		5930A95322CA47E500221653 /* v28设备底图@3x.png in Resources */ = {isa = PBXBuildFile; fileRef = 5930A8CB22CA47E400221653 /* v28设备底图@3x.png */; };
		5930A95422CA47E500221653 /* v1我的收藏@3x.png in Resources */ = {isa = PBXBuildFile; fileRef = 5930A8CC22CA47E400221653 /* v1我的收藏@3x.png */; };
		5930A95522CA47E500221653 /* v1数据-常态@3x(1).png in Resources */ = {isa = PBXBuildFile; fileRef = 5930A8CD22CA47E400221653 /* v1数据-常态@3x(1).png */; };
		5930A95622CA47E500221653 /* v29连接底图-按下@2x.png in Resources */ = {isa = PBXBuildFile; fileRef = 5930A8CE22CA47E400221653 /* v29连接底图-按下@2x.png */; };
		5930A95722CA47E500221653 /* v29连接底图-按下@3x.png in Resources */ = {isa = PBXBuildFile; fileRef = 5930A8CF22CA47E400221653 /* v29连接底图-按下@3x.png */; };
		5930A95822CA47E500221653 /* v1签到图标-常态@2x.png in Resources */ = {isa = PBXBuildFile; fileRef = 5930A8D022CA47E400221653 /* v1签到图标-常态@2x.png */; };
		5930A95922CA47E500221653 /* v28设备底图@2x.png in Resources */ = {isa = PBXBuildFile; fileRef = 5930A8D122CA47E400221653 /* v28设备底图@2x.png */; };
		5930A95A22CA47E500221653 /* v1我的收藏@2x.png in Resources */ = {isa = PBXBuildFile; fileRef = 5930A8D222CA47E400221653 /* v1我的收藏@2x.png */; };
		5930A95B22CA47E500221653 /* v24微信-常态@2x.png in Resources */ = {isa = PBXBuildFile; fileRef = 5930A8D322CA47E400221653 /* v24微信-常态@2x.png */; };
		5930A95C22CA47E500221653 /* v1返回-按下@2x.png in Resources */ = {isa = PBXBuildFile; fileRef = 5930A8D422CA47E400221653 /* v1返回-按下@2x.png */; };
		5930A95D22CA47E500221653 /* v33最小化-按下@2x.png in Resources */ = {isa = PBXBuildFile; fileRef = 5930A8D522CA47E400221653 /* v33最小化-按下@2x.png */; };
		5930A95E22CA47E500221653 /* v24下载-常态@3x.png in Resources */ = {isa = PBXBuildFile; fileRef = 5930A8D622CA47E400221653 /* v24下载-常态@3x.png */; };
		5930A95F22CA47E500221653 /* v1运动-常态@3x.png in Resources */ = {isa = PBXBuildFile; fileRef = 5930A8D722CA47E400221653 /* v1运动-常态@3x.png */; };
		5930A96022CA47E500221653 /* v1数据-常态@2x(1).png in Resources */ = {isa = PBXBuildFile; fileRef = 5930A8D822CA47E400221653 /* v1数据-常态@2x(1).png */; };
		5930A96122CA47E500221653 /* v1数据-常态@2x.png in Resources */ = {isa = PBXBuildFile; fileRef = 5930A8D922CA47E400221653 /* v1数据-常态@2x.png */; };
		5930A96222CA47E500221653 /* v51为空图@3x.png in Resources */ = {isa = PBXBuildFile; fileRef = 5930A8DA22CA47E400221653 /* v51为空图@3x.png */; };
		5930A96322CA47E500221653 /* v1身体数据@3x.png in Resources */ = {isa = PBXBuildFile; fileRef = 5930A8DB22CA47E400221653 /* v1身体数据@3x.png */; };
		5930A96422CA47E500221653 /* v32设备图@2x.png in Resources */ = {isa = PBXBuildFile; fileRef = 5930A8DC22CA47E400221653 /* v32设备图@2x.png */; };
		5930A96522CA47E500221653 /* v24关闭-按下@3x.png in Resources */ = {isa = PBXBuildFile; fileRef = 5930A8DD22CA47E400221653 /* v24关闭-按下@3x.png */; };
		5930A96622CA47E500221653 /* v32按钮-按下@3x.png in Resources */ = {isa = PBXBuildFile; fileRef = 5930A8DE22CA47E400221653 /* v32按钮-按下@3x.png */; };
		5930A96722CA47E500221653 /* v23立即签到按钮-按下@3x.png in Resources */ = {isa = PBXBuildFile; fileRef = 5930A8DF22CA47E400221653 /* v23立即签到按钮-按下@3x.png */; };
		5930A96822CA47E500221653 /* v1添加设备@3x.png in Resources */ = {isa = PBXBuildFile; fileRef = 5930A8E022CA47E400221653 /* v1添加设备@3x.png */; };
		5930A96A22CA492800221653 /* SWTMyDeviceCellModel.swift in Sources */ = {isa = PBXBuildFile; fileRef = 5930A96922CA492800221653 /* SWTMyDeviceCellModel.swift */; };
		5930A96D22CA4DF700221653 /* SWTBtnFactory.swift in Sources */ = {isa = PBXBuildFile; fileRef = 5930A96C22CA4DF700221653 /* SWTBtnFactory.swift */; };
		5930A97022CA51F900221653 /* ZCBLESDK.framework in Frameworks */ = {isa = PBXBuildFile; fileRef = 5930A96F22CA51F900221653 /* ZCBLESDK.framework */; };
		5930A97422D388EB00221653 /* ZCAlertController+Extension.swift in Sources */ = {isa = PBXBuildFile; fileRef = 5930A97322D388EB00221653 /* ZCAlertController+Extension.swift */; };
		5930A97622D3963300221653 /* SWTMusicControlController.swift in Sources */ = {isa = PBXBuildFile; fileRef = 5930A97522D3963300221653 /* SWTMusicControlController.swift */; };
		5930A97822D624A100221653 /* SWTScheduleAlertController.swift in Sources */ = {isa = PBXBuildFile; fileRef = 5930A97722D624A100221653 /* SWTScheduleAlertController.swift */; };
		5930A97A22D625C200221653 /* SWTNoAlertView.swift in Sources */ = {isa = PBXBuildFile; fileRef = 5930A97922D625C200221653 /* SWTNoAlertView.swift */; };
		5930A97C22D62D0100221653 /* SWTScheduleAlertEditController.swift in Sources */ = {isa = PBXBuildFile; fileRef = 5930A97B22D62D0100221653 /* SWTScheduleAlertEditController.swift */; };
		5930A97E22D62DE400221653 /* SWTScheduleAlertCell.swift in Sources */ = {isa = PBXBuildFile; fileRef = 5930A97D22D62DE400221653 /* SWTScheduleAlertCell.swift */; };
		F52DF4E1C12AD318619FE9FE /* Pods_SmartWatch.framework in Frameworks */ = {isa = PBXBuildFile; fileRef = 9DC2E12A70DD142A633E3D2A /* Pods_SmartWatch.framework */; };
/* End PBXBuildFile section */

/* Begin PBXFileReference section */
		463152CCEDFF51ED11182DB0 /* Pods-SmartWatch.release.xcconfig */ = {isa = PBXFileReference; includeInIndex = 1; lastKnownFileType = text.xcconfig; name = "Pods-SmartWatch.release.xcconfig"; path = "Target Support Files/Pods-SmartWatch/Pods-SmartWatch.release.xcconfig"; sourceTree = "<group>"; };
		5930A7A1229C20DF00221653 /* SmartWatch.app */ = {isa = PBXFileReference; explicitFileType = wrapper.application; includeInIndex = 0; path = SmartWatch.app; sourceTree = BUILT_PRODUCTS_DIR; };
		5930A7A4229C20DF00221653 /* AppDelegate.swift */ = {isa = PBXFileReference; lastKnownFileType = sourcecode.swift; path = AppDelegate.swift; sourceTree = "<group>"; };
		5930A7AB229C20E100221653 /* Assets.xcassets */ = {isa = PBXFileReference; lastKnownFileType = folder.assetcatalog; path = Assets.xcassets; sourceTree = "<group>"; };
		5930A7AE229C20E100221653 /* Base */ = {isa = PBXFileReference; lastKnownFileType = file.storyboard; name = Base; path = Base.lproj/LaunchScreen.storyboard; sourceTree = "<group>"; };
		5930A7B0229C20E100221653 /* Info.plist */ = {isa = PBXFileReference; lastKnownFileType = text.plist.xml; path = Info.plist; sourceTree = "<group>"; };
		5930A7B8229C266200221653 /* SWTTabBarController.swift */ = {isa = PBXFileReference; lastKnownFileType = sourcecode.swift; path = SWTTabBarController.swift; sourceTree = "<group>"; };
		5930A7C4229C2AC300221653 /* SWTLoginController.swift */ = {isa = PBXFileReference; lastKnownFileType = sourcecode.swift; path = SWTLoginController.swift; sourceTree = "<group>"; };
		5930A81622BDEAA100221653 /* SWTMineViewController.swift */ = {isa = PBXFileReference; lastKnownFileType = sourcecode.swift; path = SWTMineViewController.swift; sourceTree = "<group>"; };
		5930A81A22BDEC3B00221653 /* SWTMineCell.swift */ = {isa = PBXFileReference; lastKnownFileType = sourcecode.swift; path = SWTMineCell.swift; sourceTree = "<group>"; };
		5930A81D22BDF01F00221653 /* tableview_arrow2x.png */ = {isa = PBXFileReference; lastKnownFileType = image.png; path = tableview_arrow2x.png; sourceTree = "<group>"; };
		5930A81E22BDF01F00221653 /* tableview_arrow.png */ = {isa = PBXFileReference; lastKnownFileType = image.png; path = tableview_arrow.png; sourceTree = "<group>"; };
		5930A81F22BDF01F00221653 /* tableview_arrow@3x.png */ = {isa = PBXFileReference; lastKnownFileType = image.png; path = "tableview_arrow@3x.png"; sourceTree = "<group>"; };
		5930A82422BDF25100221653 /* SWTMineCellModel.swift */ = {isa = PBXFileReference; lastKnownFileType = sourcecode.swift; path = SWTMineCellModel.swift; sourceTree = "<group>"; };
		5930A82622BE011800221653 /* SWTSettingViewController.swift */ = {isa = PBXFileReference; lastKnownFileType = sourcecode.swift; path = SWTSettingViewController.swift; sourceTree = "<group>"; };
		5930A82A22BE031E00221653 /* SWTSettingTableViewCell.swift */ = {isa = PBXFileReference; lastKnownFileType = sourcecode.swift; path = SWTSettingTableViewCell.swift; sourceTree = "<group>"; };
		5930A82E22BE057300221653 /* ZCCacheManager.swift */ = {isa = PBXFileReference; lastKnownFileType = sourcecode.swift; path = ZCCacheManager.swift; sourceTree = "<group>"; };
		5930A83122BE0EFD00221653 /* ZCNSObject+Dispatch.swift */ = {isa = PBXFileReference; fileEncoding = 4; lastKnownFileType = sourcecode.swift; path = "ZCNSObject+Dispatch.swift"; sourceTree = "<group>"; };
		5930A83222BE0EFD00221653 /* ZCUIColor+Extension.swift */ = {isa = PBXFileReference; fileEncoding = 4; lastKnownFileType = sourcecode.swift; path = "ZCUIColor+Extension.swift"; sourceTree = "<group>"; };
		5930A83322BE0EFD00221653 /* ZCNSString+Attribute.swift */ = {isa = PBXFileReference; fileEncoding = 4; lastKnownFileType = sourcecode.swift; path = "ZCNSString+Attribute.swift"; sourceTree = "<group>"; };
		5930A83422BE0EFD00221653 /* ZCNumber+Change.swift */ = {isa = PBXFileReference; fileEncoding = 4; lastKnownFileType = sourcecode.swift; path = "ZCNumber+Change.swift"; sourceTree = "<group>"; };
		5930A83922C108A800221653 /* SWTUnitSettingController.swift */ = {isa = PBXFileReference; lastKnownFileType = sourcecode.swift; path = SWTUnitSettingController.swift; sourceTree = "<group>"; };
		5930A83E22C1090000221653 /* SWTBaseSettingController.swift */ = {isa = PBXFileReference; lastKnownFileType = sourcecode.swift; path = SWTBaseSettingController.swift; sourceTree = "<group>"; };
		5930A84122C10FE100221653 /* SWTAppCommonColor.swift */ = {isa = PBXFileReference; lastKnownFileType = sourcecode.swift; path = SWTAppCommonColor.swift; sourceTree = "<group>"; };
		5930A84422C110F800221653 /* SWTAppCommonConstant.swift */ = {isa = PBXFileReference; lastKnownFileType = sourcecode.swift; path = SWTAppCommonConstant.swift; sourceTree = "<group>"; };
		5930A84722C112FE00221653 /* SWTAboutUsController.swift */ = {isa = PBXFileReference; lastKnownFileType = sourcecode.swift; path = SWTAboutUsController.swift; sourceTree = "<group>"; };
		5930A84922C1157C00221653 /* SWTAppInfo.swift */ = {isa = PBXFileReference; lastKnownFileType = sourcecode.swift; path = SWTAppInfo.swift; sourceTree = "<group>"; };
		5930A84D22C11AD700221653 /* SWTGoalSettingController.swift */ = {isa = PBXFileReference; lastKnownFileType = sourcecode.swift; path = SWTGoalSettingController.swift; sourceTree = "<group>"; };
		5930A85122C11C9800221653 /* SWTSearchDeviceController.swift */ = {isa = PBXFileReference; lastKnownFileType = sourcecode.swift; path = SWTSearchDeviceController.swift; sourceTree = "<group>"; };
		5930A85322C3B0D700221653 /* SWTMyDeviceConnectController.swift */ = {isa = PBXFileReference; lastKnownFileType = sourcecode.swift; path = SWTMyDeviceConnectController.swift; sourceTree = "<group>"; };
		5930A85622C3B2AA00221653 /* SWTMyDeviceHeaderView.swift */ = {isa = PBXFileReference; lastKnownFileType = sourcecode.swift; path = SWTMyDeviceHeaderView.swift; sourceTree = "<group>"; };
		5930A85922CA47E400221653 /* v24微信-按下@3x.png */ = {isa = PBXFileReference; lastKnownFileType = image.png; path = "v24微信-按下@3x.png"; sourceTree = "<group>"; };
		5930A85A22CA47E400221653 /* v25蓝牙图@3x.png */ = {isa = PBXFileReference; lastKnownFileType = image.png; path = "v25蓝牙图@3x.png"; sourceTree = "<group>"; };
		5930A85B22CA47E400221653 /* v1返回-常态@3x.png */ = {isa = PBXFileReference; lastKnownFileType = image.png; path = "v1返回-常态@3x.png"; sourceTree = "<group>"; };
		5930A85C22CA47E400221653 /* v33最小化-常态@3x.png */ = {isa = PBXFileReference; lastKnownFileType = image.png; path = "v33最小化-常态@3x.png"; sourceTree = "<group>"; };
		5930A85D22CA47E400221653 /* v1签到图标-按下@3x.png */ = {isa = PBXFileReference; lastKnownFileType = image.png; path = "v1签到图标-按下@3x.png"; sourceTree = "<group>"; };
		5930A85E22CA47E400221653 /* v25设备图@3x.png */ = {isa = PBXFileReference; lastKnownFileType = image.png; path = "v25设备图@3x.png"; sourceTree = "<group>"; };
		5930A85F22CA47E400221653 /* v28第三方消息推送@3x.png */ = {isa = PBXFileReference; lastKnownFileType = image.png; path = "v28第三方消息推送@3x.png"; sourceTree = "<group>"; };
		5930A86022CA47E400221653 /* v29连接底图-常态@2x.png */ = {isa = PBXFileReference; lastKnownFileType = image.png; path = "v29连接底图-常态@2x.png"; sourceTree = "<group>"; };
		5930A86122CA47E400221653 /* v1运动-按下@2x.png */ = {isa = PBXFileReference; lastKnownFileType = image.png; path = "v1运动-按下@2x.png"; sourceTree = "<group>"; };
		5930A86222CA47E400221653 /* v1前进图标@3x.png */ = {isa = PBXFileReference; lastKnownFileType = image.png; path = "v1前进图标@3x.png"; sourceTree = "<group>"; };
		5930A86322CA47E400221653 /* v24下载-按下@2x.png */ = {isa = PBXFileReference; lastKnownFileType = image.png; path = "v24下载-按下@2x.png"; sourceTree = "<group>"; };
		5930A86422CA47E400221653 /* v28设备图@3x.png */ = {isa = PBXFileReference; lastKnownFileType = image.png; path = "v28设备图@3x.png"; sourceTree = "<group>"; };
		5930A86522CA47E400221653 /* v32按钮-常态@2x.png */ = {isa = PBXFileReference; lastKnownFileType = image.png; path = "v32按钮-常态@2x.png"; sourceTree = "<group>"; };
		5930A86622CA47E400221653 /* v23立即签到按钮-常态@2x.png */ = {isa = PBXFileReference; lastKnownFileType = image.png; path = "v23立即签到按钮-常态@2x.png"; sourceTree = "<group>"; };
		5930A86722CA47E400221653 /* v24关闭-常态@2x.png */ = {isa = PBXFileReference; lastKnownFileType = image.png; path = "v24关闭-常态@2x.png"; sourceTree = "<group>"; };
		5930A86822CA47E400221653 /* v24关闭-常态@3x.png */ = {isa = PBXFileReference; lastKnownFileType = image.png; path = "v24关闭-常态@3x.png"; sourceTree = "<group>"; };
		5930A86922CA47E400221653 /* v23立即签到按钮-常态@3x.png */ = {isa = PBXFileReference; lastKnownFileType = image.png; path = "v23立即签到按钮-常态@3x.png"; sourceTree = "<group>"; };
		5930A86A22CA47E400221653 /* v32按钮-常态@3x.png */ = {isa = PBXFileReference; lastKnownFileType = image.png; path = "v32按钮-常态@3x.png"; sourceTree = "<group>"; };
		5930A86B22CA47E400221653 /* v28设备图@2x.png */ = {isa = PBXFileReference; lastKnownFileType = image.png; path = "v28设备图@2x.png"; sourceTree = "<group>"; };
		5930A86C22CA47E400221653 /* v24下载-按下@3x.png */ = {isa = PBXFileReference; lastKnownFileType = image.png; path = "v24下载-按下@3x.png"; sourceTree = "<group>"; };
		5930A86D22CA47E400221653 /* v1前进图标@2x.png */ = {isa = PBXFileReference; lastKnownFileType = image.png; path = "v1前进图标@2x.png"; sourceTree = "<group>"; };
		5930A86E22CA47E400221653 /* v1运动-按下@3x.png */ = {isa = PBXFileReference; lastKnownFileType = image.png; path = "v1运动-按下@3x.png"; sourceTree = "<group>"; };
		5930A86F22CA47E400221653 /* v29连接底图-常态@3x.png */ = {isa = PBXFileReference; lastKnownFileType = image.png; path = "v29连接底图-常态@3x.png"; sourceTree = "<group>"; };
		5930A87022CA47E400221653 /* v28第三方消息推送@2x.png */ = {isa = PBXFileReference; lastKnownFileType = image.png; path = "v28第三方消息推送@2x.png"; sourceTree = "<group>"; };
		5930A87122CA47E400221653 /* v1签到图标-按下@2x.png */ = {isa = PBXFileReference; lastKnownFileType = image.png; path = "v1签到图标-按下@2x.png"; sourceTree = "<group>"; };
		5930A87222CA47E400221653 /* v25设备图@2x.png */ = {isa = PBXFileReference; lastKnownFileType = image.png; path = "v25设备图@2x.png"; sourceTree = "<group>"; };
		5930A87322CA47E400221653 /* v1返回-常态@2x.png */ = {isa = PBXFileReference; lastKnownFileType = image.png; path = "v1返回-常态@2x.png"; sourceTree = "<group>"; };
		5930A87422CA47E400221653 /* v33最小化-常态@2x.png */ = {isa = PBXFileReference; lastKnownFileType = image.png; path = "v33最小化-常态@2x.png"; sourceTree = "<group>"; };
		5930A87522CA47E400221653 /* v24微信-按下@2x.png */ = {isa = PBXFileReference; lastKnownFileType = image.png; path = "v24微信-按下@2x.png"; sourceTree = "<group>"; };
		5930A87622CA47E400221653 /* v25蓝牙图@2x.png */ = {isa = PBXFileReference; lastKnownFileType = image.png; path = "v25蓝牙图@2x.png"; sourceTree = "<group>"; };
		5930A87722CA47E400221653 /* v1签到前进-按下@3x.png */ = {isa = PBXFileReference; lastKnownFileType = image.png; path = "v1签到前进-按下@3x.png"; sourceTree = "<group>"; };
		5930A87822CA47E400221653 /* v1我的-常态@3x.png */ = {isa = PBXFileReference; lastKnownFileType = image.png; path = "v1我的-常态@3x.png"; sourceTree = "<group>"; };
		5930A87922CA47E400221653 /* v1签到底图-常态@2x.png */ = {isa = PBXFileReference; lastKnownFileType = image.png; path = "v1签到底图-常态@2x.png"; sourceTree = "<group>"; };
		5930A87A22CA47E400221653 /* v28免打扰@2x.png */ = {isa = PBXFileReference; lastKnownFileType = image.png; path = "v28免打扰@2x.png"; sourceTree = "<group>"; };
		5930A87B22CA47E400221653 /* v23分享底板@3x.png */ = {isa = PBXFileReference; lastKnownFileType = image.png; path = "v23分享底板@3x.png"; sourceTree = "<group>"; };
		5930A87C22CA47E400221653 /* v51返回-按下@3x.png */ = {isa = PBXFileReference; lastKnownFileType = image.png; path = "v51返回-按下@3x.png"; sourceTree = "<group>"; };
		5930A87D22CA47E400221653 /* v1我的设备@3x.png */ = {isa = PBXFileReference; lastKnownFileType = image.png; path = "v1我的设备@3x.png"; sourceTree = "<group>"; };
		5930A87E22CA47E400221653 /* v28闹钟提醒@3x.png */ = {isa = PBXFileReference; lastKnownFileType = image.png; path = "v28闹钟提醒@3x.png"; sourceTree = "<group>"; };
		5930A87F22CA47E400221653 /* v33拍照-常态@2x.png */ = {isa = PBXFileReference; lastKnownFileType = image.png; path = "v33拍照-常态@2x.png"; sourceTree = "<group>"; };
		5930A88022CA47E400221653 /* v1设置-常态@2x.png */ = {isa = PBXFileReference; lastKnownFileType = image.png; path = "v1设置-常态@2x.png"; sourceTree = "<group>"; };
		5930A88122CA47E400221653 /* v28日程提醒@2x.png */ = {isa = PBXFileReference; lastKnownFileType = image.png; path = "v28日程提醒@2x.png"; sourceTree = "<group>"; };
		5930A88222CA47E400221653 /* v24签到图标@2x.png */ = {isa = PBXFileReference; lastKnownFileType = image.png; path = "v24签到图标@2x.png"; sourceTree = "<group>"; };
		5930A88322CA47E400221653 /* v28查找手环@2x.png */ = {isa = PBXFileReference; lastKnownFileType = image.png; path = "v28查找手环@2x.png"; sourceTree = "<group>"; };
		5930A88422CA47E400221653 /* v24朋友圈-常态@2x.png */ = {isa = PBXFileReference; lastKnownFileType = image.png; path = "v24朋友圈-常态@2x.png"; sourceTree = "<group>"; };
		5930A88522CA47E400221653 /* v1推荐好友@2x.png */ = {isa = PBXFileReference; lastKnownFileType = image.png; path = "v1推荐好友@2x.png"; sourceTree = "<group>"; };
		5930A88622CA47E400221653 /* v1签到图@2x.png */ = {isa = PBXFileReference; lastKnownFileType = image.png; path = "v1签到图@2x.png"; sourceTree = "<group>"; };
		5930A88722CA47E400221653 /* v1签到图@3x.png */ = {isa = PBXFileReference; lastKnownFileType = image.png; path = "v1签到图@3x.png"; sourceTree = "<group>"; };
		5930A88822CA47E400221653 /* v24朋友圈-常态@3x.png */ = {isa = PBXFileReference; lastKnownFileType = image.png; path = "v24朋友圈-常态@3x.png"; sourceTree = "<group>"; };
		5930A88922CA47E400221653 /* v1推荐好友@3x.png */ = {isa = PBXFileReference; lastKnownFileType = image.png; path = "v1推荐好友@3x.png"; sourceTree = "<group>"; };
		5930A88A22CA47E400221653 /* v28查找手环@3x.png */ = {isa = PBXFileReference; lastKnownFileType = image.png; path = "v28查找手环@3x.png"; sourceTree = "<group>"; };
		5930A88B22CA47E400221653 /* v24签到图标@3x.png */ = {isa = PBXFileReference; lastKnownFileType = image.png; path = "v24签到图标@3x.png"; sourceTree = "<group>"; };
		5930A88C22CA47E400221653 /* v28日程提醒@3x.png */ = {isa = PBXFileReference; lastKnownFileType = image.png; path = "v28日程提醒@3x.png"; sourceTree = "<group>"; };
		5930A88D22CA47E400221653 /* v33拍照-常态@3x.png */ = {isa = PBXFileReference; lastKnownFileType = image.png; path = "v33拍照-常态@3x.png"; sourceTree = "<group>"; };
		5930A88E22CA47E400221653 /* v1设置-常态@3x.png */ = {isa = PBXFileReference; lastKnownFileType = image.png; path = "v1设置-常态@3x.png"; sourceTree = "<group>"; };
		5930A88F22CA47E400221653 /* v28闹钟提醒@2x.png */ = {isa = PBXFileReference; lastKnownFileType = image.png; path = "v28闹钟提醒@2x.png"; sourceTree = "<group>"; };
		5930A89022CA47E400221653 /* v1我的设备@2x.png */ = {isa = PBXFileReference; lastKnownFileType = image.png; path = "v1我的设备@2x.png"; sourceTree = "<group>"; };
		5930A89122CA47E400221653 /* v51返回-按下@2x.png */ = {isa = PBXFileReference; lastKnownFileType = image.png; path = "v51返回-按下@2x.png"; sourceTree = "<group>"; };
		5930A89222CA47E400221653 /* v28免打扰@3x.png */ = {isa = PBXFileReference; lastKnownFileType = image.png; path = "v28免打扰@3x.png"; sourceTree = "<group>"; };
		5930A89322CA47E400221653 /* v23分享底板@2x.png */ = {isa = PBXFileReference; lastKnownFileType = image.png; path = "v23分享底板@2x.png"; sourceTree = "<group>"; };
		5930A89422CA47E400221653 /* v1我的-常态@2x.png */ = {isa = PBXFileReference; lastKnownFileType = image.png; path = "v1我的-常态@2x.png"; sourceTree = "<group>"; };
		5930A89522CA47E400221653 /* v1签到底图-常态@3x.png */ = {isa = PBXFileReference; lastKnownFileType = image.png; path = "v1签到底图-常态@3x.png"; sourceTree = "<group>"; };
		5930A89622CA47E400221653 /* v1签到前进-按下@2x.png */ = {isa = PBXFileReference; lastKnownFileType = image.png; path = "v1签到前进-按下@2x.png"; sourceTree = "<group>"; };
		5930A89722CA47E400221653 /* v25小圆点@3x.png */ = {isa = PBXFileReference; lastKnownFileType = image.png; path = "v25小圆点@3x.png"; sourceTree = "<group>"; };
		5930A89822CA47E400221653 /* v24微信-按下@2x(1).png */ = {isa = PBXFileReference; lastKnownFileType = image.png; path = "v24微信-按下@2x(1).png"; sourceTree = "<group>"; };
		5930A89922CA47E400221653 /* v24朋友圈-按下@2x.png */ = {isa = PBXFileReference; lastKnownFileType = image.png; path = "v24朋友圈-按下@2x.png"; sourceTree = "<group>"; };
		5930A89A22CA47E400221653 /* v28远程音乐@3x.png */ = {isa = PBXFileReference; lastKnownFileType = image.png; path = "v28远程音乐@3x.png"; sourceTree = "<group>"; };
		5930A89B22CA47E400221653 /* v35为空图@3x.png */ = {isa = PBXFileReference; lastKnownFileType = image.png; path = "v35为空图@3x.png"; sourceTree = "<group>"; };
		5930A89C22CA47E400221653 /* v24微信-常态@2x(1).png */ = {isa = PBXFileReference; lastKnownFileType = image.png; path = "v24微信-常态@2x(1).png"; sourceTree = "<group>"; };
		5930A89D22CA47E400221653 /* v1设置-按下@2x.png */ = {isa = PBXFileReference; lastKnownFileType = image.png; path = "v1设置-按下@2x.png"; sourceTree = "<group>"; };
		5930A89E22CA47E400221653 /* v33拍照-按下@2x.png */ = {isa = PBXFileReference; lastKnownFileType = image.png; path = "v33拍照-按下@2x.png"; sourceTree = "<group>"; };
		5930A89F22CA47E400221653 /* v1设定目标@2x.png */ = {isa = PBXFileReference; lastKnownFileType = image.png; path = "v1设定目标@2x.png"; sourceTree = "<group>"; };
		5930A8A022CA47E400221653 /* v28远程相机@2x.png */ = {isa = PBXFileReference; lastKnownFileType = image.png; path = "v28远程相机@2x.png"; sourceTree = "<group>"; };
		5930A8A122CA47E400221653 /* v28健康提醒@2x.png */ = {isa = PBXFileReference; lastKnownFileType = image.png; path = "v28健康提醒@2x.png"; sourceTree = "<group>"; };
		5930A8A222CA47E400221653 /* v1签到前进-常态@3x.png */ = {isa = PBXFileReference; lastKnownFileType = image.png; path = "v1签到前进-常态@3x.png"; sourceTree = "<group>"; };
		5930A8A322CA47E400221653 /* v28来电提醒@3x.png */ = {isa = PBXFileReference; lastKnownFileType = image.png; path = "v28来电提醒@3x.png"; sourceTree = "<group>"; };
		5930A8A422CA47E400221653 /* v1我的-按下@3x.png */ = {isa = PBXFileReference; lastKnownFileType = image.png; path = "v1我的-按下@3x.png"; sourceTree = "<group>"; };
		5930A8A522CA47E400221653 /* v1签到底图-按下@2x.png */ = {isa = PBXFileReference; lastKnownFileType = image.png; path = "v1签到底图-按下@2x.png"; sourceTree = "<group>"; };
		5930A8A622CA47E400221653 /* v33翻转相机@2x.png */ = {isa = PBXFileReference; lastKnownFileType = image.png; path = "v33翻转相机@2x.png"; sourceTree = "<group>"; };
		5930A8A722CA47E400221653 /* v29刷新@3x.png */ = {isa = PBXFileReference; lastKnownFileType = image.png; path = "v29刷新@3x.png"; sourceTree = "<group>"; };
		5930A8A822CA47E400221653 /* v51返回-常态@3x.png */ = {isa = PBXFileReference; lastKnownFileType = image.png; path = "v51返回-常态@3x.png"; sourceTree = "<group>"; };
		5930A8A922CA47E400221653 /* v28短信提醒@2x.png */ = {isa = PBXFileReference; lastKnownFileType = image.png; path = "v28短信提醒@2x.png"; sourceTree = "<group>"; };
		5930A8AA22CA47E400221653 /* v28短信提醒@3x.png */ = {isa = PBXFileReference; lastKnownFileType = image.png; path = "v28短信提醒@3x.png"; sourceTree = "<group>"; };
		5930A8AB22CA47E400221653 /* v33翻转相机@3x.png */ = {isa = PBXFileReference; lastKnownFileType = image.png; path = "v33翻转相机@3x.png"; sourceTree = "<group>"; };
		5930A8AC22CA47E400221653 /* v29刷新@2x.png */ = {isa = PBXFileReference; lastKnownFileType = image.png; path = "v29刷新@2x.png"; sourceTree = "<group>"; };
		5930A8AD22CA47E400221653 /* v51返回-常态@2x.png */ = {isa = PBXFileReference; lastKnownFileType = image.png; path = "v51返回-常态@2x.png"; sourceTree = "<group>"; };
		5930A8AE22CA47E400221653 /* v1我的-按下@2x.png */ = {isa = PBXFileReference; lastKnownFileType = image.png; path = "v1我的-按下@2x.png"; sourceTree = "<group>"; };
		5930A8AF22CA47E400221653 /* v1签到底图-按下@3x.png */ = {isa = PBXFileReference; lastKnownFileType = image.png; path = "v1签到底图-按下@3x.png"; sourceTree = "<group>"; };
		5930A8B022CA47E400221653 /* v28来电提醒@2x.png */ = {isa = PBXFileReference; lastKnownFileType = image.png; path = "v28来电提醒@2x.png"; sourceTree = "<group>"; };
		5930A8B122CA47E400221653 /* v28健康提醒@3x.png */ = {isa = PBXFileReference; lastKnownFileType = image.png; path = "v28健康提醒@3x.png"; sourceTree = "<group>"; };
		5930A8B222CA47E400221653 /* v1签到前进-常态@2x.png */ = {isa = PBXFileReference; lastKnownFileType = image.png; path = "v1签到前进-常态@2x.png"; sourceTree = "<group>"; };
		5930A8B322CA47E400221653 /* v28远程相机@3x.png */ = {isa = PBXFileReference; lastKnownFileType = image.png; path = "v28远程相机@3x.png"; sourceTree = "<group>"; };
		5930A8B422CA47E400221653 /* v1设定目标@3x.png */ = {isa = PBXFileReference; lastKnownFileType = image.png; path = "v1设定目标@3x.png"; sourceTree = "<group>"; };
		5930A8B522CA47E400221653 /* v1设置-按下@3x.png */ = {isa = PBXFileReference; lastKnownFileType = image.png; path = "v1设置-按下@3x.png"; sourceTree = "<group>"; };
		5930A8B622CA47E400221653 /* v33拍照-按下@3x.png */ = {isa = PBXFileReference; lastKnownFileType = image.png; path = "v33拍照-按下@3x.png"; sourceTree = "<group>"; };
		5930A8B722CA47E400221653 /* v35为空图@2x.png */ = {isa = PBXFileReference; lastKnownFileType = image.png; path = "v35为空图@2x.png"; sourceTree = "<group>"; };
		5930A8B822CA47E400221653 /* v28远程音乐@2x.png */ = {isa = PBXFileReference; lastKnownFileType = image.png; path = "v28远程音乐@2x.png"; sourceTree = "<group>"; };
		5930A8B922CA47E400221653 /* v24微信-按下@3x(1).png */ = {isa = PBXFileReference; lastKnownFileType = image.png; path = "v24微信-按下@3x(1).png"; sourceTree = "<group>"; };
		5930A8BA22CA47E400221653 /* v24朋友圈-按下@3x.png */ = {isa = PBXFileReference; lastKnownFileType = image.png; path = "v24朋友圈-按下@3x.png"; sourceTree = "<group>"; };
		5930A8BB22CA47E400221653 /* v25小圆点@2x.png */ = {isa = PBXFileReference; lastKnownFileType = image.png; path = "v25小圆点@2x.png"; sourceTree = "<group>"; };
		5930A8BC22CA47E400221653 /* v24微信-常态@3x(1).png */ = {isa = PBXFileReference; lastKnownFileType = image.png; path = "v24微信-常态@3x(1).png"; sourceTree = "<group>"; };
		5930A8BD22CA47E400221653 /* v23立即签到按钮-按下@2x.png */ = {isa = PBXFileReference; lastKnownFileType = image.png; path = "v23立即签到按钮-按下@2x.png"; sourceTree = "<group>"; };
		5930A8BE22CA47E400221653 /* v1添加设备@2x.png */ = {isa = PBXFileReference; lastKnownFileType = image.png; path = "v1添加设备@2x.png"; sourceTree = "<group>"; };
		5930A8BF22CA47E400221653 /* v32按钮-按下@2x.png */ = {isa = PBXFileReference; lastKnownFileType = image.png; path = "v32按钮-按下@2x.png"; sourceTree = "<group>"; };
		5930A8C022CA47E400221653 /* v24关闭-按下@2x.png */ = {isa = PBXFileReference; lastKnownFileType = image.png; path = "v24关闭-按下@2x.png"; sourceTree = "<group>"; };
		5930A8C122CA47E400221653 /* v32设备图@3x.png */ = {isa = PBXFileReference; lastKnownFileType = image.png; path = "v32设备图@3x.png"; sourceTree = "<group>"; };
		5930A8C222CA47E400221653 /* v1身体数据@2x.png */ = {isa = PBXFileReference; lastKnownFileType = image.png; path = "v1身体数据@2x.png"; sourceTree = "<group>"; };
		5930A8C322CA47E400221653 /* v51为空图@2x.png */ = {isa = PBXFileReference; lastKnownFileType = image.png; path = "v51为空图@2x.png"; sourceTree = "<group>"; };
		5930A8C422CA47E400221653 /* v1数据-常态@3x.png */ = {isa = PBXFileReference; lastKnownFileType = image.png; path = "v1数据-常态@3x.png"; sourceTree = "<group>"; };
		5930A8C522CA47E400221653 /* v1运动-常态@2x.png */ = {isa = PBXFileReference; lastKnownFileType = image.png; path = "v1运动-常态@2x.png"; sourceTree = "<group>"; };
		5930A8C622CA47E400221653 /* v24下载-常态@2x.png */ = {isa = PBXFileReference; lastKnownFileType = image.png; path = "v24下载-常态@2x.png"; sourceTree = "<group>"; };
		5930A8C722CA47E400221653 /* v1返回-按下@3x.png */ = {isa = PBXFileReference; lastKnownFileType = image.png; path = "v1返回-按下@3x.png"; sourceTree = "<group>"; };
		5930A8C822CA47E400221653 /* v33最小化-按下@3x.png */ = {isa = PBXFileReference; lastKnownFileType = image.png; path = "v33最小化-按下@3x.png"; sourceTree = "<group>"; };
		5930A8C922CA47E400221653 /* v24微信-常态@3x.png */ = {isa = PBXFileReference; lastKnownFileType = image.png; path = "v24微信-常态@3x.png"; sourceTree = "<group>"; };
		5930A8CA22CA47E400221653 /* v1签到图标-常态@3x.png */ = {isa = PBXFileReference; lastKnownFileType = image.png; path = "v1签到图标-常态@3x.png"; sourceTree = "<group>"; };
		5930A8CB22CA47E400221653 /* v28设备底图@3x.png */ = {isa = PBXFileReference; lastKnownFileType = image.png; path = "v28设备底图@3x.png"; sourceTree = "<group>"; };
		5930A8CC22CA47E400221653 /* v1我的收藏@3x.png */ = {isa = PBXFileReference; lastKnownFileType = image.png; path = "v1我的收藏@3x.png"; sourceTree = "<group>"; };
		5930A8CD22CA47E400221653 /* v1数据-常态@3x(1).png */ = {isa = PBXFileReference; lastKnownFileType = image.png; path = "v1数据-常态@3x(1).png"; sourceTree = "<group>"; };
		5930A8CE22CA47E400221653 /* v29连接底图-按下@2x.png */ = {isa = PBXFileReference; lastKnownFileType = image.png; path = "v29连接底图-按下@2x.png"; sourceTree = "<group>"; };
		5930A8CF22CA47E400221653 /* v29连接底图-按下@3x.png */ = {isa = PBXFileReference; lastKnownFileType = image.png; path = "v29连接底图-按下@3x.png"; sourceTree = "<group>"; };
		5930A8D022CA47E400221653 /* v1签到图标-常态@2x.png */ = {isa = PBXFileReference; lastKnownFileType = image.png; path = "v1签到图标-常态@2x.png"; sourceTree = "<group>"; };
		5930A8D122CA47E400221653 /* v28设备底图@2x.png */ = {isa = PBXFileReference; lastKnownFileType = image.png; path = "v28设备底图@2x.png"; sourceTree = "<group>"; };
		5930A8D222CA47E400221653 /* v1我的收藏@2x.png */ = {isa = PBXFileReference; lastKnownFileType = image.png; path = "v1我的收藏@2x.png"; sourceTree = "<group>"; };
		5930A8D322CA47E400221653 /* v24微信-常态@2x.png */ = {isa = PBXFileReference; lastKnownFileType = image.png; path = "v24微信-常态@2x.png"; sourceTree = "<group>"; };
		5930A8D422CA47E400221653 /* v1返回-按下@2x.png */ = {isa = PBXFileReference; lastKnownFileType = image.png; path = "v1返回-按下@2x.png"; sourceTree = "<group>"; };
		5930A8D522CA47E400221653 /* v33最小化-按下@2x.png */ = {isa = PBXFileReference; lastKnownFileType = image.png; path = "v33最小化-按下@2x.png"; sourceTree = "<group>"; };
		5930A8D622CA47E400221653 /* v24下载-常态@3x.png */ = {isa = PBXFileReference; lastKnownFileType = image.png; path = "v24下载-常态@3x.png"; sourceTree = "<group>"; };
		5930A8D722CA47E400221653 /* v1运动-常态@3x.png */ = {isa = PBXFileReference; lastKnownFileType = image.png; path = "v1运动-常态@3x.png"; sourceTree = "<group>"; };
		5930A8D822CA47E400221653 /* v1数据-常态@2x(1).png */ = {isa = PBXFileReference; lastKnownFileType = image.png; path = "v1数据-常态@2x(1).png"; sourceTree = "<group>"; };
		5930A8D922CA47E400221653 /* v1数据-常态@2x.png */ = {isa = PBXFileReference; lastKnownFileType = image.png; path = "v1数据-常态@2x.png"; sourceTree = "<group>"; };
		5930A8DA22CA47E400221653 /* v51为空图@3x.png */ = {isa = PBXFileReference; lastKnownFileType = image.png; path = "v51为空图@3x.png"; sourceTree = "<group>"; };
		5930A8DB22CA47E400221653 /* v1身体数据@3x.png */ = {isa = PBXFileReference; lastKnownFileType = image.png; path = "v1身体数据@3x.png"; sourceTree = "<group>"; };
		5930A8DC22CA47E400221653 /* v32设备图@2x.png */ = {isa = PBXFileReference; lastKnownFileType = image.png; path = "v32设备图@2x.png"; sourceTree = "<group>"; };
		5930A8DD22CA47E400221653 /* v24关闭-按下@3x.png */ = {isa = PBXFileReference; lastKnownFileType = image.png; path = "v24关闭-按下@3x.png"; sourceTree = "<group>"; };
		5930A8DE22CA47E400221653 /* v32按钮-按下@3x.png */ = {isa = PBXFileReference; lastKnownFileType = image.png; path = "v32按钮-按下@3x.png"; sourceTree = "<group>"; };
		5930A8DF22CA47E400221653 /* v23立即签到按钮-按下@3x.png */ = {isa = PBXFileReference; lastKnownFileType = image.png; path = "v23立即签到按钮-按下@3x.png"; sourceTree = "<group>"; };
		5930A8E022CA47E400221653 /* v1添加设备@3x.png */ = {isa = PBXFileReference; lastKnownFileType = image.png; path = "v1添加设备@3x.png"; sourceTree = "<group>"; };
		5930A96922CA492800221653 /* SWTMyDeviceCellModel.swift */ = {isa = PBXFileReference; lastKnownFileType = sourcecode.swift; path = SWTMyDeviceCellModel.swift; sourceTree = "<group>"; };
		5930A96C22CA4DF700221653 /* SWTBtnFactory.swift */ = {isa = PBXFileReference; lastKnownFileType = sourcecode.swift; path = SWTBtnFactory.swift; sourceTree = "<group>"; };
		5930A96F22CA51F900221653 /* ZCBLESDK.framework */ = {isa = PBXFileReference; lastKnownFileType = wrapper.framework; path = ZCBLESDK.framework; sourceTree = "<group>"; };
		5930A97122CA529500221653 /* SmartWatch.h */ = {isa = PBXFileReference; lastKnownFileType = sourcecode.c.h; path = SmartWatch.h; sourceTree = "<group>"; };
		5930A97322D388EB00221653 /* ZCAlertController+Extension.swift */ = {isa = PBXFileReference; lastKnownFileType = sourcecode.swift; path = "ZCAlertController+Extension.swift"; sourceTree = "<group>"; };
		5930A97522D3963300221653 /* SWTMusicControlController.swift */ = {isa = PBXFileReference; lastKnownFileType = sourcecode.swift; path = SWTMusicControlController.swift; sourceTree = "<group>"; };
		5930A97722D624A100221653 /* SWTScheduleAlertController.swift */ = {isa = PBXFileReference; lastKnownFileType = sourcecode.swift; path = SWTScheduleAlertController.swift; sourceTree = "<group>"; };
		5930A97922D625C200221653 /* SWTNoAlertView.swift */ = {isa = PBXFileReference; lastKnownFileType = sourcecode.swift; path = SWTNoAlertView.swift; sourceTree = "<group>"; };
		5930A97B22D62D0100221653 /* SWTScheduleAlertEditController.swift */ = {isa = PBXFileReference; lastKnownFileType = sourcecode.swift; path = SWTScheduleAlertEditController.swift; sourceTree = "<group>"; };
		5930A97D22D62DE400221653 /* SWTScheduleAlertCell.swift */ = {isa = PBXFileReference; lastKnownFileType = sourcecode.swift; path = SWTScheduleAlertCell.swift; sourceTree = "<group>"; };
		7887653AA000D1AE0FA1B072 /* Pods-SmartWatch.debug.xcconfig */ = {isa = PBXFileReference; includeInIndex = 1; lastKnownFileType = text.xcconfig; name = "Pods-SmartWatch.debug.xcconfig"; path = "Target Support Files/Pods-SmartWatch/Pods-SmartWatch.debug.xcconfig"; sourceTree = "<group>"; };
		9DC2E12A70DD142A633E3D2A /* Pods_SmartWatch.framework */ = {isa = PBXFileReference; explicitFileType = wrapper.framework; includeInIndex = 0; path = Pods_SmartWatch.framework; sourceTree = BUILT_PRODUCTS_DIR; };
/* End PBXFileReference section */

/* Begin PBXFrameworksBuildPhase section */
		5930A79E229C20DF00221653 /* Frameworks */ = {
			isa = PBXFrameworksBuildPhase;
			buildActionMask = 2147483647;
			files = (
				5930A97022CA51F900221653 /* ZCBLESDK.framework in Frameworks */,
				F52DF4E1C12AD318619FE9FE /* Pods_SmartWatch.framework in Frameworks */,
			);
			runOnlyForDeploymentPostprocessing = 0;
		};
/* End PBXFrameworksBuildPhase section */

/* Begin PBXGroup section */
		5930A798229C20DF00221653 = {
			isa = PBXGroup;
			children = (
				5930A7A3229C20DF00221653 /* SmartWatch */,
				5930A7A2229C20DF00221653 /* Products */,
				5AF54F2B0D78C7C0E7E27538 /* Pods */,
				FE76A04DE0309758E2BFE3A9 /* Frameworks */,
			);
			sourceTree = "<group>";
		};
		5930A7A2229C20DF00221653 /* Products */ = {
			isa = PBXGroup;
			children = (
				5930A7A1229C20DF00221653 /* SmartWatch.app */,
			);
			name = Products;
			sourceTree = "<group>";
		};
		5930A7A3229C20DF00221653 /* SmartWatch */ = {
			isa = PBXGroup;
			children = (
				5930A96F22CA51F900221653 /* ZCBLESDK.framework */,
				5930A81C22BDF00D00221653 /* Images */,
				5930A7B6229C25E500221653 /* Classes */,
				5930A7A4229C20DF00221653 /* AppDelegate.swift */,
				5930A97122CA529500221653 /* SmartWatch.h */,
				5930A7AB229C20E100221653 /* Assets.xcassets */,
				5930A7AD229C20E100221653 /* LaunchScreen.storyboard */,
				5930A7B0229C20E100221653 /* Info.plist */,
			);
			path = SmartWatch;
			sourceTree = "<group>";
		};
		5930A7B6229C25E500221653 /* Classes */ = {
			isa = PBXGroup;
			children = (
				5930A84322C110D000221653 /* Contants */,
				5930A84022C10FC100221653 /* Colors */,
				5930A83C22C108CE00221653 /* Bases */,
				5930A82D22BE054D00221653 /* ZCTools */,
				5930A82822BE02D100221653 /* Publics */,
				5930A7C6229C2B6B00221653 /* Thirty */,
				5930A7BE229C2A1700221653 /* Login */,
				5930A7BD229C276100221653 /* Mine */,
				5930A7BC229C275B00221653 /* Sport */,
				5930A7BA229C274700221653 /* Main */,
				5930A7B7229C261200221653 /* ContainerControllers */,
			);
			path = Classes;
			sourceTree = "<group>";
		};
		5930A7B7229C261200221653 /* ContainerControllers */ = {
			isa = PBXGroup;
			children = (
				5930A7B8229C266200221653 /* SWTTabBarController.swift */,
			);
			path = ContainerControllers;
			sourceTree = "<group>";
		};
		5930A7BA229C274700221653 /* Main */ = {
			isa = PBXGroup;
			children = (
			);
			path = Main;
			sourceTree = "<group>";
		};
		5930A7BC229C275B00221653 /* Sport */ = {
			isa = PBXGroup;
			children = (
			);
			path = Sport;
			sourceTree = "<group>";
		};
		5930A7BD229C276100221653 /* Mine */ = {
			isa = PBXGroup;
			children = (
				5930A82322BDF23800221653 /* Models */,
				5930A81822BDEC1300221653 /* Views */,
				5930A81522BDEA7C00221653 /* Controllers */,
			);
			path = Mine;
			sourceTree = "<group>";
		};
		5930A7BE229C2A1700221653 /* Login */ = {
			isa = PBXGroup;
			children = (
				5930A7C3229C2A9900221653 /* Models */,
				5930A7C2229C2A3A00221653 /* ViewModels */,
				5930A7C1229C2A3200221653 /* Views */,
				5930A7BF229C2A2200221653 /* Controllers */,
			);
			path = Login;
			sourceTree = "<group>";
		};
		5930A7BF229C2A2200221653 /* Controllers */ = {
			isa = PBXGroup;
			children = (
				5930A7C4229C2AC300221653 /* SWTLoginController.swift */,
			);
			path = Controllers;
			sourceTree = "<group>";
		};
		5930A7C1229C2A3200221653 /* Views */ = {
			isa = PBXGroup;
			children = (
			);
			path = Views;
			sourceTree = "<group>";
		};
		5930A7C2229C2A3A00221653 /* ViewModels */ = {
			isa = PBXGroup;
			children = (
			);
			path = ViewModels;
			sourceTree = "<group>";
		};
		5930A7C3229C2A9900221653 /* Models */ = {
			isa = PBXGroup;
			children = (
			);
			path = Models;
			sourceTree = "<group>";
		};
		5930A7C6229C2B6B00221653 /* Thirty */ = {
			isa = PBXGroup;
			children = (
			);
			path = Thirty;
			sourceTree = "<group>";
		};
		5930A81522BDEA7C00221653 /* Controllers */ = {
			isa = PBXGroup;
			children = (
				5930A84F22C11C5E00221653 /* MyDevice */,
				5930A84C22C11AB400221653 /* Goals */,
				5930A81622BDEAA100221653 /* SWTMineViewController.swift */,
				5930A84622C112C100221653 /* AppSettings */,
			);
			path = Controllers;
			sourceTree = "<group>";
		};
		5930A81822BDEC1300221653 /* Views */ = {
			isa = PBXGroup;
			children = (
				5930A81922BDEC1B00221653 /* Cells */,
			);
			path = Views;
			sourceTree = "<group>";
		};
		5930A81922BDEC1B00221653 /* Cells */ = {
			isa = PBXGroup;
			children = (
				5930A81A22BDEC3B00221653 /* SWTMineCell.swift */,
				5930A97D22D62DE400221653 /* SWTScheduleAlertCell.swift */,
			);
			path = Cells;
			sourceTree = "<group>";
		};
		5930A81C22BDF00D00221653 /* Images */ = {
			isa = PBXGroup;
			children = (
				5930A85822CA47E400221653 /* v2个人中心_slices */,
				5930A81D22BDF01F00221653 /* tableview_arrow2x.png */,
				5930A81E22BDF01F00221653 /* tableview_arrow.png */,
				5930A81F22BDF01F00221653 /* tableview_arrow@3x.png */,
			);
			path = Images;
			sourceTree = "<group>";
		};
		5930A82322BDF23800221653 /* Models */ = {
			isa = PBXGroup;
			children = (
				5930A82422BDF25100221653 /* SWTMineCellModel.swift */,
				5930A96922CA492800221653 /* SWTMyDeviceCellModel.swift */,
			);
			path = Models;
			sourceTree = "<group>";
		};
		5930A82822BE02D100221653 /* Publics */ = {
			isa = PBXGroup;
			children = (
				5930A96B22CA4DDB00221653 /* Factorys */,
				5930A82922BE02FB00221653 /* Cells */,
			);
			path = Publics;
			sourceTree = "<group>";
		};
		5930A82922BE02FB00221653 /* Cells */ = {
			isa = PBXGroup;
			children = (
				5930A82A22BE031E00221653 /* SWTSettingTableViewCell.swift */,
			);
			path = Cells;
			sourceTree = "<group>";
		};
		5930A82D22BE054D00221653 /* ZCTools */ = {
			isa = PBXGroup;
			children = (
				5930A97222D3883D00221653 /* ZCAlertExtention */,
				5930A83022BE0EFD00221653 /* ZCCommonExtension */,
				5930A82E22BE057300221653 /* ZCCacheManager.swift */,
			);
			path = ZCTools;
			sourceTree = "<group>";
		};
		5930A83022BE0EFD00221653 /* ZCCommonExtension */ = {
			isa = PBXGroup;
			children = (
				5930A83122BE0EFD00221653 /* ZCNSObject+Dispatch.swift */,
				5930A83222BE0EFD00221653 /* ZCUIColor+Extension.swift */,
				5930A83322BE0EFD00221653 /* ZCNSString+Attribute.swift */,
				5930A83422BE0EFD00221653 /* ZCNumber+Change.swift */,
			);
			path = ZCCommonExtension;
			sourceTree = "<group>";
		};
		5930A83C22C108CE00221653 /* Bases */ = {
			isa = PBXGroup;
			children = (
				5930A83D22C108DA00221653 /* Controllers */,
			);
			path = Bases;
			sourceTree = "<group>";
		};
		5930A83D22C108DA00221653 /* Controllers */ = {
			isa = PBXGroup;
			children = (
				5930A83E22C1090000221653 /* SWTBaseSettingController.swift */,
			);
			path = Controllers;
			sourceTree = "<group>";
		};
		5930A84022C10FC100221653 /* Colors */ = {
			isa = PBXGroup;
			children = (
				5930A84122C10FE100221653 /* SWTAppCommonColor.swift */,
			);
			path = Colors;
			sourceTree = "<group>";
		};
		5930A84322C110D000221653 /* Contants */ = {
			isa = PBXGroup;
			children = (
				5930A84422C110F800221653 /* SWTAppCommonConstant.swift */,
				5930A84922C1157C00221653 /* SWTAppInfo.swift */,
			);
			path = Contants;
			sourceTree = "<group>";
		};
		5930A84622C112C100221653 /* AppSettings */ = {
			isa = PBXGroup;
			children = (
				5930A82622BE011800221653 /* SWTSettingViewController.swift */,
				5930A83922C108A800221653 /* SWTUnitSettingController.swift */,
				5930A84722C112FE00221653 /* SWTAboutUsController.swift */,
			);
			path = AppSettings;
			sourceTree = "<group>";
		};
		5930A84C22C11AB400221653 /* Goals */ = {
			isa = PBXGroup;
			children = (
				5930A84D22C11AD700221653 /* SWTGoalSettingController.swift */,
			);
			path = Goals;
			sourceTree = "<group>";
		};
		5930A84F22C11C5E00221653 /* MyDevice */ = {
			isa = PBXGroup;
			children = (
				5930A85522C3B28F00221653 /* Views */,
				5930A85022C11C7200221653 /* Controllers */,
			);
			path = MyDevice;
			sourceTree = "<group>";
		};
		5930A85022C11C7200221653 /* Controllers */ = {
			isa = PBXGroup;
			children = (
				5930A85122C11C9800221653 /* SWTSearchDeviceController.swift */,
				5930A85322C3B0D700221653 /* SWTMyDeviceConnectController.swift */,
				5930A97522D3963300221653 /* SWTMusicControlController.swift */,
				5930A97722D624A100221653 /* SWTScheduleAlertController.swift */,
				5930A97B22D62D0100221653 /* SWTScheduleAlertEditController.swift */,
			);
			path = Controllers;
			sourceTree = "<group>";
		};
		5930A85522C3B28F00221653 /* Views */ = {
			isa = PBXGroup;
			children = (
				5930A85622C3B2AA00221653 /* SWTMyDeviceHeaderView.swift */,
				5930A97922D625C200221653 /* SWTNoAlertView.swift */,
			);
			path = Views;
			sourceTree = "<group>";
		};
		5930A85822CA47E400221653 /* v2个人中心_slices */ = {
			isa = PBXGroup;
			children = (
				5930A85922CA47E400221653 /* v24微信-按下@3x.png */,
				5930A85A22CA47E400221653 /* v25蓝牙图@3x.png */,
				5930A85B22CA47E400221653 /* v1返回-常态@3x.png */,
				5930A85C22CA47E400221653 /* v33最小化-常态@3x.png */,
				5930A85D22CA47E400221653 /* v1签到图标-按下@3x.png */,
				5930A85E22CA47E400221653 /* v25设备图@3x.png */,
				5930A85F22CA47E400221653 /* v28第三方消息推送@3x.png */,
				5930A86022CA47E400221653 /* v29连接底图-常态@2x.png */,
				5930A86122CA47E400221653 /* v1运动-按下@2x.png */,
				5930A86222CA47E400221653 /* v1前进图标@3x.png */,
				5930A86322CA47E400221653 /* v24下载-按下@2x.png */,
				5930A86422CA47E400221653 /* v28设备图@3x.png */,
				5930A86522CA47E400221653 /* v32按钮-常态@2x.png */,
				5930A86622CA47E400221653 /* v23立即签到按钮-常态@2x.png */,
				5930A86722CA47E400221653 /* v24关闭-常态@2x.png */,
				5930A86822CA47E400221653 /* v24关闭-常态@3x.png */,
				5930A86922CA47E400221653 /* v23立即签到按钮-常态@3x.png */,
				5930A86A22CA47E400221653 /* v32按钮-常态@3x.png */,
				5930A86B22CA47E400221653 /* v28设备图@2x.png */,
				5930A86C22CA47E400221653 /* v24下载-按下@3x.png */,
				5930A86D22CA47E400221653 /* v1前进图标@2x.png */,
				5930A86E22CA47E400221653 /* v1运动-按下@3x.png */,
				5930A86F22CA47E400221653 /* v29连接底图-常态@3x.png */,
				5930A87022CA47E400221653 /* v28第三方消息推送@2x.png */,
				5930A87122CA47E400221653 /* v1签到图标-按下@2x.png */,
				5930A87222CA47E400221653 /* v25设备图@2x.png */,
				5930A87322CA47E400221653 /* v1返回-常态@2x.png */,
				5930A87422CA47E400221653 /* v33最小化-常态@2x.png */,
				5930A87522CA47E400221653 /* v24微信-按下@2x.png */,
				5930A87622CA47E400221653 /* v25蓝牙图@2x.png */,
				5930A87722CA47E400221653 /* v1签到前进-按下@3x.png */,
				5930A87822CA47E400221653 /* v1我的-常态@3x.png */,
				5930A87922CA47E400221653 /* v1签到底图-常态@2x.png */,
				5930A87A22CA47E400221653 /* v28免打扰@2x.png */,
				5930A87B22CA47E400221653 /* v23分享底板@3x.png */,
				5930A87C22CA47E400221653 /* v51返回-按下@3x.png */,
				5930A87D22CA47E400221653 /* v1我的设备@3x.png */,
				5930A87E22CA47E400221653 /* v28闹钟提醒@3x.png */,
				5930A87F22CA47E400221653 /* v33拍照-常态@2x.png */,
				5930A88022CA47E400221653 /* v1设置-常态@2x.png */,
				5930A88122CA47E400221653 /* v28日程提醒@2x.png */,
				5930A88222CA47E400221653 /* v24签到图标@2x.png */,
				5930A88322CA47E400221653 /* v28查找手环@2x.png */,
				5930A88422CA47E400221653 /* v24朋友圈-常态@2x.png */,
				5930A88522CA47E400221653 /* v1推荐好友@2x.png */,
				5930A88622CA47E400221653 /* v1签到图@2x.png */,
				5930A88722CA47E400221653 /* v1签到图@3x.png */,
				5930A88822CA47E400221653 /* v24朋友圈-常态@3x.png */,
				5930A88922CA47E400221653 /* v1推荐好友@3x.png */,
				5930A88A22CA47E400221653 /* v28查找手环@3x.png */,
				5930A88B22CA47E400221653 /* v24签到图标@3x.png */,
				5930A88C22CA47E400221653 /* v28日程提醒@3x.png */,
				5930A88D22CA47E400221653 /* v33拍照-常态@3x.png */,
				5930A88E22CA47E400221653 /* v1设置-常态@3x.png */,
				5930A88F22CA47E400221653 /* v28闹钟提醒@2x.png */,
				5930A89022CA47E400221653 /* v1我的设备@2x.png */,
				5930A89122CA47E400221653 /* v51返回-按下@2x.png */,
				5930A89222CA47E400221653 /* v28免打扰@3x.png */,
				5930A89322CA47E400221653 /* v23分享底板@2x.png */,
				5930A89422CA47E400221653 /* v1我的-常态@2x.png */,
				5930A89522CA47E400221653 /* v1签到底图-常态@3x.png */,
				5930A89622CA47E400221653 /* v1签到前进-按下@2x.png */,
				5930A89722CA47E400221653 /* v25小圆点@3x.png */,
				5930A89822CA47E400221653 /* v24微信-按下@2x(1).png */,
				5930A89922CA47E400221653 /* v24朋友圈-按下@2x.png */,
				5930A89A22CA47E400221653 /* v28远程音乐@3x.png */,
				5930A89B22CA47E400221653 /* v35为空图@3x.png */,
				5930A89C22CA47E400221653 /* v24微信-常态@2x(1).png */,
				5930A89D22CA47E400221653 /* v1设置-按下@2x.png */,
				5930A89E22CA47E400221653 /* v33拍照-按下@2x.png */,
				5930A89F22CA47E400221653 /* v1设定目标@2x.png */,
				5930A8A022CA47E400221653 /* v28远程相机@2x.png */,
				5930A8A122CA47E400221653 /* v28健康提醒@2x.png */,
				5930A8A222CA47E400221653 /* v1签到前进-常态@3x.png */,
				5930A8A322CA47E400221653 /* v28来电提醒@3x.png */,
				5930A8A422CA47E400221653 /* v1我的-按下@3x.png */,
				5930A8A522CA47E400221653 /* v1签到底图-按下@2x.png */,
				5930A8A622CA47E400221653 /* v33翻转相机@2x.png */,
				5930A8A722CA47E400221653 /* v29刷新@3x.png */,
				5930A8A822CA47E400221653 /* v51返回-常态@3x.png */,
				5930A8A922CA47E400221653 /* v28短信提醒@2x.png */,
				5930A8AA22CA47E400221653 /* v28短信提醒@3x.png */,
				5930A8AB22CA47E400221653 /* v33翻转相机@3x.png */,
				5930A8AC22CA47E400221653 /* v29刷新@2x.png */,
				5930A8AD22CA47E400221653 /* v51返回-常态@2x.png */,
				5930A8AE22CA47E400221653 /* v1我的-按下@2x.png */,
				5930A8AF22CA47E400221653 /* v1签到底图-按下@3x.png */,
				5930A8B022CA47E400221653 /* v28来电提醒@2x.png */,
				5930A8B122CA47E400221653 /* v28健康提醒@3x.png */,
				5930A8B222CA47E400221653 /* v1签到前进-常态@2x.png */,
				5930A8B322CA47E400221653 /* v28远程相机@3x.png */,
				5930A8B422CA47E400221653 /* v1设定目标@3x.png */,
				5930A8B522CA47E400221653 /* v1设置-按下@3x.png */,
				5930A8B622CA47E400221653 /* v33拍照-按下@3x.png */,
				5930A8B722CA47E400221653 /* v35为空图@2x.png */,
				5930A8B822CA47E400221653 /* v28远程音乐@2x.png */,
				5930A8B922CA47E400221653 /* v24微信-按下@3x(1).png */,
				5930A8BA22CA47E400221653 /* v24朋友圈-按下@3x.png */,
				5930A8BB22CA47E400221653 /* v25小圆点@2x.png */,
				5930A8BC22CA47E400221653 /* v24微信-常态@3x(1).png */,
				5930A8BD22CA47E400221653 /* v23立即签到按钮-按下@2x.png */,
				5930A8BE22CA47E400221653 /* v1添加设备@2x.png */,
				5930A8BF22CA47E400221653 /* v32按钮-按下@2x.png */,
				5930A8C022CA47E400221653 /* v24关闭-按下@2x.png */,
				5930A8C122CA47E400221653 /* v32设备图@3x.png */,
				5930A8C222CA47E400221653 /* v1身体数据@2x.png */,
				5930A8C322CA47E400221653 /* v51为空图@2x.png */,
				5930A8C422CA47E400221653 /* v1数据-常态@3x.png */,
				5930A8C522CA47E400221653 /* v1运动-常态@2x.png */,
				5930A8C622CA47E400221653 /* v24下载-常态@2x.png */,
				5930A8C722CA47E400221653 /* v1返回-按下@3x.png */,
				5930A8C822CA47E400221653 /* v33最小化-按下@3x.png */,
				5930A8C922CA47E400221653 /* v24微信-常态@3x.png */,
				5930A8CA22CA47E400221653 /* v1签到图标-常态@3x.png */,
				5930A8CB22CA47E400221653 /* v28设备底图@3x.png */,
				5930A8CC22CA47E400221653 /* v1我的收藏@3x.png */,
				5930A8CD22CA47E400221653 /* v1数据-常态@3x(1).png */,
				5930A8CE22CA47E400221653 /* v29连接底图-按下@2x.png */,
				5930A8CF22CA47E400221653 /* v29连接底图-按下@3x.png */,
				5930A8D022CA47E400221653 /* v1签到图标-常态@2x.png */,
				5930A8D122CA47E400221653 /* v28设备底图@2x.png */,
				5930A8D222CA47E400221653 /* v1我的收藏@2x.png */,
				5930A8D322CA47E400221653 /* v24微信-常态@2x.png */,
				5930A8D422CA47E400221653 /* v1返回-按下@2x.png */,
				5930A8D522CA47E400221653 /* v33最小化-按下@2x.png */,
				5930A8D622CA47E400221653 /* v24下载-常态@3x.png */,
				5930A8D722CA47E400221653 /* v1运动-常态@3x.png */,
				5930A8D822CA47E400221653 /* v1数据-常态@2x(1).png */,
				5930A8D922CA47E400221653 /* v1数据-常态@2x.png */,
				5930A8DA22CA47E400221653 /* v51为空图@3x.png */,
				5930A8DB22CA47E400221653 /* v1身体数据@3x.png */,
				5930A8DC22CA47E400221653 /* v32设备图@2x.png */,
				5930A8DD22CA47E400221653 /* v24关闭-按下@3x.png */,
				5930A8DE22CA47E400221653 /* v32按钮-按下@3x.png */,
				5930A8DF22CA47E400221653 /* v23立即签到按钮-按下@3x.png */,
				5930A8E022CA47E400221653 /* v1添加设备@3x.png */,
			);
			path = "v2个人中心_slices";
			sourceTree = "<group>";
		};
		5930A96B22CA4DDB00221653 /* Factorys */ = {
			isa = PBXGroup;
			children = (
				5930A96C22CA4DF700221653 /* SWTBtnFactory.swift */,
			);
			path = Factorys;
			sourceTree = "<group>";
		};
		5930A97222D3883D00221653 /* ZCAlertExtention */ = {
			isa = PBXGroup;
			children = (
				5930A97322D388EB00221653 /* ZCAlertController+Extension.swift */,
			);
			path = ZCAlertExtention;
			sourceTree = "<group>";
		};
		5AF54F2B0D78C7C0E7E27538 /* Pods */ = {
			isa = PBXGroup;
			children = (
				7887653AA000D1AE0FA1B072 /* Pods-SmartWatch.debug.xcconfig */,
				463152CCEDFF51ED11182DB0 /* Pods-SmartWatch.release.xcconfig */,
			);
			path = Pods;
			sourceTree = "<group>";
		};
		FE76A04DE0309758E2BFE3A9 /* Frameworks */ = {
			isa = PBXGroup;
			children = (
				9DC2E12A70DD142A633E3D2A /* Pods_SmartWatch.framework */,
			);
			name = Frameworks;
			sourceTree = "<group>";
		};
/* End PBXGroup section */

/* Begin PBXNativeTarget section */
		5930A7A0229C20DF00221653 /* SmartWatch */ = {
			isa = PBXNativeTarget;
			buildConfigurationList = 5930A7B3229C20E100221653 /* Build configuration list for PBXNativeTarget "SmartWatch" */;
			buildPhases = (
				A83AD2A3FCBC40982468873C /* [CP] Check Pods Manifest.lock */,
				5930A79D229C20DF00221653 /* Sources */,
				5930A79E229C20DF00221653 /* Frameworks */,
				5930A79F229C20DF00221653 /* Resources */,
				8E75E93C0D7C45A6CA327F2F /* [CP] Embed Pods Frameworks */,
			);
			buildRules = (
			);
			dependencies = (
			);
			name = SmartWatch;
			productName = SmartWatch;
			productReference = 5930A7A1229C20DF00221653 /* SmartWatch.app */;
			productType = "com.apple.product-type.application";
		};
/* End PBXNativeTarget section */

/* Begin PBXProject section */
		5930A799229C20DF00221653 /* Project object */ = {
			isa = PBXProject;
			attributes = {
				CLASSPREFIX = SWT;
				LastSwiftUpdateCheck = 1020;
				LastUpgradeCheck = 1020;
				ORGANIZATIONNAME = "张冲";
				TargetAttributes = {
					5930A7A0229C20DF00221653 = {
						CreatedOnToolsVersion = 10.2.1;
						SystemCapabilities = {
							com.apple.BackgroundModes = {
								enabled = 1;
							};
						};
					};
				};
			};
			buildConfigurationList = 5930A79C229C20DF00221653 /* Build configuration list for PBXProject "SmartWatch" */;
			compatibilityVersion = "Xcode 9.3";
			developmentRegion = en;
			hasScannedForEncodings = 0;
			knownRegions = (
				en,
				Base,
			);
			mainGroup = 5930A798229C20DF00221653;
			productRefGroup = 5930A7A2229C20DF00221653 /* Products */;
			projectDirPath = "";
			projectRoot = "";
			targets = (
				5930A7A0229C20DF00221653 /* SmartWatch */,
			);
		};
/* End PBXProject section */

/* Begin PBXResourcesBuildPhase section */
		5930A79F229C20DF00221653 /* Resources */ = {
			isa = PBXResourcesBuildPhase;
			buildActionMask = 2147483647;
			files = (
				5930A8FD22CA47E400221653 /* v24微信-按下@2x.png in Resources */,
				5930A92922CA47E400221653 /* v28健康提醒@2x.png in Resources */,
				5930A96422CA47E500221653 /* v32设备图@2x.png in Resources */,
				5930A95522CA47E500221653 /* v1数据-常态@3x(1).png in Resources */,
				5930A94C22CA47E500221653 /* v1数据-常态@3x.png in Resources */,
				5930A8F822CA47E400221653 /* v28第三方消息推送@2x.png in Resources */,
				5930A96622CA47E500221653 /* v32按钮-按下@3x.png in Resources */,
				5930A95222CA47E500221653 /* v1签到图标-常态@3x.png in Resources */,
				5930A96322CA47E500221653 /* v1身体数据@3x.png in Resources */,
				5930A90A22CA47E400221653 /* v24签到图标@2x.png in Resources */,
				5930A82022BDF01F00221653 /* tableview_arrow2x.png in Resources */,
				5930A92422CA47E400221653 /* v24微信-常态@2x(1).png in Resources */,
				5930A8EB22CA47E400221653 /* v24下载-按下@2x.png in Resources */,
				5930A91622CA47E400221653 /* v1设置-常态@3x.png in Resources */,
				5930A93922CA47E500221653 /* v28健康提醒@3x.png in Resources */,
				5930A92D22CA47E500221653 /* v1签到底图-按下@2x.png in Resources */,
				5930A91F22CA47E400221653 /* v25小圆点@3x.png in Resources */,
				5930A94222CA47E500221653 /* v24朋友圈-按下@3x.png in Resources */,
				5930A90322CA47E400221653 /* v23分享底板@3x.png in Resources */,
				5930A91E22CA47E400221653 /* v1签到前进-按下@2x.png in Resources */,
				5930A92A22CA47E400221653 /* v1签到前进-常态@3x.png in Resources */,
				5930A95622CA47E500221653 /* v29连接底图-按下@2x.png in Resources */,
				5930A90222CA47E400221653 /* v28免打扰@2x.png in Resources */,
				5930A92C22CA47E500221653 /* v1我的-按下@3x.png in Resources */,
				5930A8E722CA47E400221653 /* v28第三方消息推送@3x.png in Resources */,
				5930A7AF229C20E100221653 /* LaunchScreen.storyboard in Resources */,
				5930A8FE22CA47E400221653 /* v25蓝牙图@2x.png in Resources */,
				5930A95422CA47E500221653 /* v1我的收藏@3x.png in Resources */,
				5930A96722CA47E500221653 /* v23立即签到按钮-按下@3x.png in Resources */,
				5930A92022CA47E400221653 /* v24微信-按下@2x(1).png in Resources */,
				5930A96822CA47E500221653 /* v1添加设备@3x.png in Resources */,
				5930A93422CA47E500221653 /* v29刷新@2x.png in Resources */,
				5930A93622CA47E500221653 /* v1我的-按下@2x.png in Resources */,
				5930A91B22CA47E400221653 /* v23分享底板@2x.png in Resources */,
				5930A95E22CA47E500221653 /* v24下载-常态@3x.png in Resources */,
				5930A91222CA47E400221653 /* v28查找手环@3x.png in Resources */,
				5930A8EA22CA47E400221653 /* v1前进图标@3x.png in Resources */,
				5930A92F22CA47E500221653 /* v29刷新@3x.png in Resources */,
				5930A94722CA47E500221653 /* v32按钮-按下@2x.png in Resources */,
				5930A94022CA47E500221653 /* v28远程音乐@2x.png in Resources */,
				5930A8F322CA47E400221653 /* v28设备图@2x.png in Resources */,
				5930A95A22CA47E500221653 /* v1我的收藏@2x.png in Resources */,
				5930A91822CA47E400221653 /* v1我的设备@2x.png in Resources */,
				5930A90122CA47E400221653 /* v1签到底图-常态@2x.png in Resources */,
				5930A90C22CA47E400221653 /* v24朋友圈-常态@2x.png in Resources */,
				5930A93D22CA47E500221653 /* v1设置-按下@3x.png in Resources */,
				5930A95F22CA47E500221653 /* v1运动-常态@3x.png in Resources */,
				5930A93122CA47E500221653 /* v28短信提醒@2x.png in Resources */,
				5930A93C22CA47E500221653 /* v1设定目标@3x.png in Resources */,
				5930A91D22CA47E400221653 /* v1签到底图-常态@3x.png in Resources */,
				5930A8F022CA47E400221653 /* v24关闭-常态@3x.png in Resources */,
				5930A8E622CA47E400221653 /* v25设备图@3x.png in Resources */,
				5930A8F522CA47E400221653 /* v1前进图标@2x.png in Resources */,
				5930A94B22CA47E500221653 /* v51为空图@2x.png in Resources */,
				5930A8FB22CA47E400221653 /* v1返回-常态@2x.png in Resources */,
				5930A91322CA47E400221653 /* v24签到图标@3x.png in Resources */,
				5930A8F922CA47E400221653 /* v1签到图标-按下@2x.png in Resources */,
				5930A8E822CA47E400221653 /* v29连接底图-常态@2x.png in Resources */,
				5930A8F622CA47E400221653 /* v1运动-按下@3x.png in Resources */,
				5930A91A22CA47E400221653 /* v28免打扰@3x.png in Resources */,
				5930A91922CA47E400221653 /* v51返回-按下@2x.png in Resources */,
				5930A8EC22CA47E400221653 /* v28设备图@3x.png in Resources */,
				5930A8F122CA47E400221653 /* v23立即签到按钮-常态@3x.png in Resources */,
				5930A93822CA47E500221653 /* v28来电提醒@2x.png in Resources */,
				5930A94D22CA47E500221653 /* v1运动-常态@2x.png in Resources */,
				5930A91C22CA47E400221653 /* v1我的-常态@2x.png in Resources */,
				5930A94422CA47E500221653 /* v24微信-常态@3x(1).png in Resources */,
				5930A8E422CA47E400221653 /* v33最小化-常态@3x.png in Resources */,
				5930A95B22CA47E500221653 /* v24微信-常态@2x.png in Resources */,
				5930A92E22CA47E500221653 /* v33翻转相机@2x.png in Resources */,
				5930A95D22CA47E500221653 /* v33最小化-按下@2x.png in Resources */,
				5930A95022CA47E500221653 /* v33最小化-按下@3x.png in Resources */,
				5930A91422CA47E400221653 /* v28日程提醒@3x.png in Resources */,
				5930A94A22CA47E500221653 /* v1身体数据@2x.png in Resources */,
				5930A95122CA47E500221653 /* v24微信-常态@3x.png in Resources */,
				5930A92B22CA47E500221653 /* v28来电提醒@3x.png in Resources */,
				5930A92822CA47E400221653 /* v28远程相机@2x.png in Resources */,
				5930A90522CA47E400221653 /* v1我的设备@3x.png in Resources */,
				5930A93F22CA47E500221653 /* v35为空图@2x.png in Resources */,
				5930A91722CA47E400221653 /* v28闹钟提醒@2x.png in Resources */,
				5930A8EE22CA47E400221653 /* v23立即签到按钮-常态@2x.png in Resources */,
				5930A92522CA47E400221653 /* v1设置-按下@2x.png in Resources */,
				5930A93E22CA47E500221653 /* v33拍照-按下@3x.png in Resources */,
				5930A92722CA47E400221653 /* v1设定目标@2x.png in Resources */,
				5930A90E22CA47E400221653 /* v1签到图@2x.png in Resources */,
				5930A94622CA47E500221653 /* v1添加设备@2x.png in Resources */,
				5930A93722CA47E500221653 /* v1签到底图-按下@3x.png in Resources */,
				5930A8FF22CA47E400221653 /* v1签到前进-按下@3x.png in Resources */,
				5930A7AC229C20E100221653 /* Assets.xcassets in Resources */,
				5930A8F722CA47E400221653 /* v29连接底图-常态@3x.png in Resources */,
				5930A90922CA47E400221653 /* v28日程提醒@2x.png in Resources */,
				5930A8E922CA47E400221653 /* v1运动-按下@2x.png in Resources */,
				5930A8FA22CA47E400221653 /* v25设备图@2x.png in Resources */,
				5930A96122CA47E500221653 /* v1数据-常态@2x.png in Resources */,
				5930A95722CA47E500221653 /* v29连接底图-按下@3x.png in Resources */,
				5930A8F222CA47E400221653 /* v32按钮-常态@3x.png in Resources */,
				5930A94F22CA47E500221653 /* v1返回-按下@3x.png in Resources */,
				5930A90722CA47E400221653 /* v33拍照-常态@2x.png in Resources */,
				5930A8F422CA47E400221653 /* v24下载-按下@3x.png in Resources */,
				5930A96522CA47E500221653 /* v24关闭-按下@3x.png in Resources */,
				5930A8E322CA47E400221653 /* v1返回-常态@3x.png in Resources */,
				5930A8E522CA47E400221653 /* v1签到图标-按下@3x.png in Resources */,
				5930A93B22CA47E500221653 /* v28远程相机@3x.png in Resources */,
				5930A90D22CA47E400221653 /* v1推荐好友@2x.png in Resources */,
				5930A96222CA47E500221653 /* v51为空图@3x.png in Resources */,
				5930A90822CA47E400221653 /* v1设置-常态@2x.png in Resources */,
				5930A91522CA47E400221653 /* v33拍照-常态@3x.png in Resources */,
				5930A96022CA47E500221653 /* v1数据-常态@2x(1).png in Resources */,
				5930A8E122CA47E400221653 /* v24微信-按下@3x.png in Resources */,
				5930A90422CA47E400221653 /* v51返回-按下@3x.png in Resources */,
				5930A95C22CA47E500221653 /* v1返回-按下@2x.png in Resources */,
				5930A8ED22CA47E400221653 /* v32按钮-常态@2x.png in Resources */,
				5930A90B22CA47E400221653 /* v28查找手环@2x.png in Resources */,
				5930A94122CA47E500221653 /* v24微信-按下@3x(1).png in Resources */,
				5930A94922CA47E500221653 /* v32设备图@3x.png in Resources */,
				5930A8E222CA47E400221653 /* v25蓝牙图@3x.png in Resources */,
				5930A95922CA47E500221653 /* v28设备底图@2x.png in Resources */,
				5930A94322CA47E500221653 /* v25小圆点@2x.png in Resources */,
				5930A90F22CA47E400221653 /* v1签到图@3x.png in Resources */,
				5930A93322CA47E500221653 /* v33翻转相机@3x.png in Resources */,
				5930A90622CA47E400221653 /* v28闹钟提醒@3x.png in Resources */,
				5930A8FC22CA47E400221653 /* v33最小化-常态@2x.png in Resources */,
				5930A91122CA47E400221653 /* v1推荐好友@3x.png in Resources */,
				5930A82222BDF01F00221653 /* tableview_arrow@3x.png in Resources */,
				5930A90022CA47E400221653 /* v1我的-常态@3x.png in Resources */,
				5930A93022CA47E500221653 /* v51返回-常态@3x.png in Resources */,
				5930A94522CA47E500221653 /* v23立即签到按钮-按下@2x.png in Resources */,
				5930A92222CA47E400221653 /* v28远程音乐@3x.png in Resources */,
				5930A95322CA47E500221653 /* v28设备底图@3x.png in Resources */,
				5930A92322CA47E400221653 /* v35为空图@3x.png in Resources */,
				5930A92122CA47E400221653 /* v24朋友圈-按下@2x.png in Resources */,
				5930A93522CA47E500221653 /* v51返回-常态@2x.png in Resources */,
				5930A8EF22CA47E400221653 /* v24关闭-常态@2x.png in Resources */,
				5930A93222CA47E500221653 /* v28短信提醒@3x.png in Resources */,
				5930A95822CA47E500221653 /* v1签到图标-常态@2x.png in Resources */,
				5930A94E22CA47E500221653 /* v24下载-常态@2x.png in Resources */,
				5930A92622CA47E400221653 /* v33拍照-按下@2x.png in Resources */,
				5930A82122BDF01F00221653 /* tableview_arrow.png in Resources */,
				5930A94822CA47E500221653 /* v24关闭-按下@2x.png in Resources */,
				5930A91022CA47E400221653 /* v24朋友圈-常态@3x.png in Resources */,
				5930A93A22CA47E500221653 /* v1签到前进-常态@2x.png in Resources */,
			);
			runOnlyForDeploymentPostprocessing = 0;
		};
/* End PBXResourcesBuildPhase section */

/* Begin PBXShellScriptBuildPhase section */
		8E75E93C0D7C45A6CA327F2F /* [CP] Embed Pods Frameworks */ = {
			isa = PBXShellScriptBuildPhase;
			buildActionMask = 2147483647;
			files = (
			);
			inputFileListPaths = (
			);
			inputPaths = (
				"${PODS_ROOT}/Target Support Files/Pods-SmartWatch/Pods-SmartWatch-frameworks.sh",
				"${BUILT_PRODUCTS_DIR}/DateToolsSwift/DateToolsSwift.framework",
				"${BUILT_PRODUCTS_DIR}/Differentiator/Differentiator.framework",
				"${BUILT_PRODUCTS_DIR}/IQKeyboardManagerSwift/IQKeyboardManagerSwift.framework",
				"${BUILT_PRODUCTS_DIR}/ObjectMapper/ObjectMapper.framework",
				"${BUILT_PRODUCTS_DIR}/RxCocoa/RxCocoa.framework",
				"${BUILT_PRODUCTS_DIR}/RxDataSources/RxDataSources.framework",
				"${BUILT_PRODUCTS_DIR}/RxSwift/RxSwift.framework",
				"${BUILT_PRODUCTS_DIR}/SQLite.swift/SQLite.framework",
				"${BUILT_PRODUCTS_DIR}/SnapKit/SnapKit.framework",
			);
			name = "[CP] Embed Pods Frameworks";
			outputFileListPaths = (
			);
			outputPaths = (
				"${TARGET_BUILD_DIR}/${FRAMEWORKS_FOLDER_PATH}/DateToolsSwift.framework",
				"${TARGET_BUILD_DIR}/${FRAMEWORKS_FOLDER_PATH}/Differentiator.framework",
				"${TARGET_BUILD_DIR}/${FRAMEWORKS_FOLDER_PATH}/IQKeyboardManagerSwift.framework",
				"${TARGET_BUILD_DIR}/${FRAMEWORKS_FOLDER_PATH}/ObjectMapper.framework",
				"${TARGET_BUILD_DIR}/${FRAMEWORKS_FOLDER_PATH}/RxCocoa.framework",
				"${TARGET_BUILD_DIR}/${FRAMEWORKS_FOLDER_PATH}/RxDataSources.framework",
				"${TARGET_BUILD_DIR}/${FRAMEWORKS_FOLDER_PATH}/RxSwift.framework",
				"${TARGET_BUILD_DIR}/${FRAMEWORKS_FOLDER_PATH}/SQLite.framework",
				"${TARGET_BUILD_DIR}/${FRAMEWORKS_FOLDER_PATH}/SnapKit.framework",
			);
			runOnlyForDeploymentPostprocessing = 0;
			shellPath = /bin/sh;
			shellScript = "\"${PODS_ROOT}/Target Support Files/Pods-SmartWatch/Pods-SmartWatch-frameworks.sh\"\n";
			showEnvVarsInLog = 0;
		};
		A83AD2A3FCBC40982468873C /* [CP] Check Pods Manifest.lock */ = {
			isa = PBXShellScriptBuildPhase;
			buildActionMask = 2147483647;
			files = (
			);
			inputFileListPaths = (
			);
			inputPaths = (
				"${PODS_PODFILE_DIR_PATH}/Podfile.lock",
				"${PODS_ROOT}/Manifest.lock",
			);
			name = "[CP] Check Pods Manifest.lock";
			outputFileListPaths = (
			);
			outputPaths = (
				"$(DERIVED_FILE_DIR)/Pods-SmartWatch-checkManifestLockResult.txt",
			);
			runOnlyForDeploymentPostprocessing = 0;
			shellPath = /bin/sh;
			shellScript = "diff \"${PODS_PODFILE_DIR_PATH}/Podfile.lock\" \"${PODS_ROOT}/Manifest.lock\" > /dev/null\nif [ $? != 0 ] ; then\n    # print error to STDERR\n    echo \"error: The sandbox is not in sync with the Podfile.lock. Run 'pod install' or update your CocoaPods installation.\" >&2\n    exit 1\nfi\n# This output is used by Xcode 'outputs' to avoid re-running this script phase.\necho \"SUCCESS\" > \"${SCRIPT_OUTPUT_FILE_0}\"\n";
			showEnvVarsInLog = 0;
		};
/* End PBXShellScriptBuildPhase section */

/* Begin PBXSourcesBuildPhase section */
		5930A79D229C20DF00221653 /* Sources */ = {
			isa = PBXSourcesBuildPhase;
			buildActionMask = 2147483647;
			files = (
				5930A81722BDEAA100221653 /* SWTMineViewController.swift in Sources */,
				5930A82722BE011800221653 /* SWTSettingViewController.swift in Sources */,
				5930A96A22CA492800221653 /* SWTMyDeviceCellModel.swift in Sources */,
				5930A85222C11C9800221653 /* SWTSearchDeviceController.swift in Sources */,
				5930A82F22BE057300221653 /* ZCCacheManager.swift in Sources */,
				5930A83F22C1090000221653 /* SWTBaseSettingController.swift in Sources */,
				5930A97622D3963300221653 /* SWTMusicControlController.swift in Sources */,
				5930A7A5229C20DF00221653 /* AppDelegate.swift in Sources */,
				5930A97422D388EB00221653 /* ZCAlertController+Extension.swift in Sources */,
				5930A97A22D625C200221653 /* SWTNoAlertView.swift in Sources */,
				5930A7B9229C266200221653 /* SWTTabBarController.swift in Sources */,
				5930A83722BE0EFD00221653 /* ZCNSString+Attribute.swift in Sources */,
				5930A7C5229C2AC300221653 /* SWTLoginController.swift in Sources */,
				5930A84E22C11AD700221653 /* SWTGoalSettingController.swift in Sources */,
				5930A84A22C1157C00221653 /* SWTAppInfo.swift in Sources */,
				5930A85422C3B0D700221653 /* SWTMyDeviceConnectController.swift in Sources */,
				5930A83522BE0EFD00221653 /* ZCNSObject+Dispatch.swift in Sources */,
				5930A84222C10FE100221653 /* SWTAppCommonColor.swift in Sources */,
				5930A97C22D62D0100221653 /* SWTScheduleAlertEditController.swift in Sources */,
				5930A83822BE0EFD00221653 /* ZCNumber+Change.swift in Sources */,
				5930A84522C110F800221653 /* SWTAppCommonConstant.swift in Sources */,
				5930A97E22D62DE400221653 /* SWTScheduleAlertCell.swift in Sources */,
				5930A83A22C108A800221653 /* SWTUnitSettingController.swift in Sources */,
				5930A81B22BDEC3B00221653 /* SWTMineCell.swift in Sources */,
				5930A82522BDF25100221653 /* SWTMineCellModel.swift in Sources */,
				5930A97822D624A100221653 /* SWTScheduleAlertController.swift in Sources */,
				5930A82B22BE031E00221653 /* SWTSettingTableViewCell.swift in Sources */,
				5930A84822C112FE00221653 /* SWTAboutUsController.swift in Sources */,
				5930A85722C3B2AA00221653 /* SWTMyDeviceHeaderView.swift in Sources */,
				5930A96D22CA4DF700221653 /* SWTBtnFactory.swift in Sources */,
				5930A83622BE0EFD00221653 /* ZCUIColor+Extension.swift in Sources */,
			);
			runOnlyForDeploymentPostprocessing = 0;
		};
/* End PBXSourcesBuildPhase section */

/* Begin PBXVariantGroup section */
		5930A7AD229C20E100221653 /* LaunchScreen.storyboard */ = {
			isa = PBXVariantGroup;
			children = (
				5930A7AE229C20E100221653 /* Base */,
			);
			name = LaunchScreen.storyboard;
			sourceTree = "<group>";
		};
/* End PBXVariantGroup section */

/* Begin XCBuildConfiguration section */
		5930A7B1229C20E100221653 /* Debug */ = {
			isa = XCBuildConfiguration;
			buildSettings = {
				ALWAYS_SEARCH_USER_PATHS = NO;
				CLANG_ANALYZER_NONNULL = YES;
				CLANG_ANALYZER_NUMBER_OBJECT_CONVERSION = YES_AGGRESSIVE;
				CLANG_CXX_LANGUAGE_STANDARD = "gnu++14";
				CLANG_CXX_LIBRARY = "libc++";
				CLANG_ENABLE_MODULES = YES;
				CLANG_ENABLE_OBJC_ARC = YES;
				CLANG_ENABLE_OBJC_WEAK = YES;
				CLANG_WARN_BLOCK_CAPTURE_AUTORELEASING = YES;
				CLANG_WARN_BOOL_CONVERSION = YES;
				CLANG_WARN_COMMA = YES;
				CLANG_WARN_CONSTANT_CONVERSION = YES;
				CLANG_WARN_DEPRECATED_OBJC_IMPLEMENTATIONS = YES;
				CLANG_WARN_DIRECT_OBJC_ISA_USAGE = YES_ERROR;
				CLANG_WARN_DOCUMENTATION_COMMENTS = YES;
				CLANG_WARN_EMPTY_BODY = YES;
				CLANG_WARN_ENUM_CONVERSION = YES;
				CLANG_WARN_INFINITE_RECURSION = YES;
				CLANG_WARN_INT_CONVERSION = YES;
				CLANG_WARN_NON_LITERAL_NULL_CONVERSION = YES;
				CLANG_WARN_OBJC_IMPLICIT_RETAIN_SELF = YES;
				CLANG_WARN_OBJC_LITERAL_CONVERSION = YES;
				CLANG_WARN_OBJC_ROOT_CLASS = YES_ERROR;
				CLANG_WARN_RANGE_LOOP_ANALYSIS = YES;
				CLANG_WARN_STRICT_PROTOTYPES = YES;
				CLANG_WARN_SUSPICIOUS_MOVE = YES;
				CLANG_WARN_UNGUARDED_AVAILABILITY = YES_AGGRESSIVE;
				CLANG_WARN_UNREACHABLE_CODE = YES;
				CLANG_WARN__DUPLICATE_METHOD_MATCH = YES;
				CODE_SIGN_IDENTITY = "iPhone Developer";
				COPY_PHASE_STRIP = NO;
				DEBUG_INFORMATION_FORMAT = dwarf;
				ENABLE_STRICT_OBJC_MSGSEND = YES;
				ENABLE_TESTABILITY = YES;
				GCC_C_LANGUAGE_STANDARD = gnu11;
				GCC_DYNAMIC_NO_PIC = NO;
				GCC_NO_COMMON_BLOCKS = YES;
				GCC_OPTIMIZATION_LEVEL = 0;
				GCC_PREPROCESSOR_DEFINITIONS = (
					"DEBUG=1",
					"$(inherited)",
				);
				GCC_WARN_64_TO_32_BIT_CONVERSION = YES;
				GCC_WARN_ABOUT_RETURN_TYPE = YES_ERROR;
				GCC_WARN_UNDECLARED_SELECTOR = YES;
				GCC_WARN_UNINITIALIZED_AUTOS = YES_AGGRESSIVE;
				GCC_WARN_UNUSED_FUNCTION = YES;
				GCC_WARN_UNUSED_VARIABLE = YES;
				IPHONEOS_DEPLOYMENT_TARGET = 12.2;
				MTL_ENABLE_DEBUG_INFO = INCLUDE_SOURCE;
				MTL_FAST_MATH = YES;
				ONLY_ACTIVE_ARCH = YES;
				SDKROOT = iphoneos;
				SWIFT_ACTIVE_COMPILATION_CONDITIONS = DEBUG;
				SWIFT_OPTIMIZATION_LEVEL = "-Onone";
			};
			name = Debug;
		};
		5930A7B2229C20E100221653 /* Release */ = {
			isa = XCBuildConfiguration;
			buildSettings = {
				ALWAYS_SEARCH_USER_PATHS = NO;
				CLANG_ANALYZER_NONNULL = YES;
				CLANG_ANALYZER_NUMBER_OBJECT_CONVERSION = YES_AGGRESSIVE;
				CLANG_CXX_LANGUAGE_STANDARD = "gnu++14";
				CLANG_CXX_LIBRARY = "libc++";
				CLANG_ENABLE_MODULES = YES;
				CLANG_ENABLE_OBJC_ARC = YES;
				CLANG_ENABLE_OBJC_WEAK = YES;
				CLANG_WARN_BLOCK_CAPTURE_AUTORELEASING = YES;
				CLANG_WARN_BOOL_CONVERSION = YES;
				CLANG_WARN_COMMA = YES;
				CLANG_WARN_CONSTANT_CONVERSION = YES;
				CLANG_WARN_DEPRECATED_OBJC_IMPLEMENTATIONS = YES;
				CLANG_WARN_DIRECT_OBJC_ISA_USAGE = YES_ERROR;
				CLANG_WARN_DOCUMENTATION_COMMENTS = YES;
				CLANG_WARN_EMPTY_BODY = YES;
				CLANG_WARN_ENUM_CONVERSION = YES;
				CLANG_WARN_INFINITE_RECURSION = YES;
				CLANG_WARN_INT_CONVERSION = YES;
				CLANG_WARN_NON_LITERAL_NULL_CONVERSION = YES;
				CLANG_WARN_OBJC_IMPLICIT_RETAIN_SELF = YES;
				CLANG_WARN_OBJC_LITERAL_CONVERSION = YES;
				CLANG_WARN_OBJC_ROOT_CLASS = YES_ERROR;
				CLANG_WARN_RANGE_LOOP_ANALYSIS = YES;
				CLANG_WARN_STRICT_PROTOTYPES = YES;
				CLANG_WARN_SUSPICIOUS_MOVE = YES;
				CLANG_WARN_UNGUARDED_AVAILABILITY = YES_AGGRESSIVE;
				CLANG_WARN_UNREACHABLE_CODE = YES;
				CLANG_WARN__DUPLICATE_METHOD_MATCH = YES;
				CODE_SIGN_IDENTITY = "iPhone Developer";
				COPY_PHASE_STRIP = NO;
				DEBUG_INFORMATION_FORMAT = "dwarf-with-dsym";
				ENABLE_NS_ASSERTIONS = NO;
				ENABLE_STRICT_OBJC_MSGSEND = YES;
				GCC_C_LANGUAGE_STANDARD = gnu11;
				GCC_NO_COMMON_BLOCKS = YES;
				GCC_WARN_64_TO_32_BIT_CONVERSION = YES;
				GCC_WARN_ABOUT_RETURN_TYPE = YES_ERROR;
				GCC_WARN_UNDECLARED_SELECTOR = YES;
				GCC_WARN_UNINITIALIZED_AUTOS = YES_AGGRESSIVE;
				GCC_WARN_UNUSED_FUNCTION = YES;
				GCC_WARN_UNUSED_VARIABLE = YES;
				IPHONEOS_DEPLOYMENT_TARGET = 12.2;
				MTL_ENABLE_DEBUG_INFO = NO;
				MTL_FAST_MATH = YES;
				SDKROOT = iphoneos;
				SWIFT_COMPILATION_MODE = wholemodule;
				SWIFT_OPTIMIZATION_LEVEL = "-O";
				VALIDATE_PRODUCT = YES;
			};
			name = Release;
		};
		5930A7B4229C20E100221653 /* Debug */ = {
			isa = XCBuildConfiguration;
			baseConfigurationReference = 7887653AA000D1AE0FA1B072 /* Pods-SmartWatch.debug.xcconfig */;
			buildSettings = {
				ASSETCATALOG_COMPILER_APPICON_NAME = AppIcon;
				CODE_SIGN_STYLE = Automatic;
				DEVELOPMENT_TEAM = JN7JU5LSHZ;
				FRAMEWORK_SEARCH_PATHS = (
					"$(inherited)",
					"$(PROJECT_DIR)/SmartWatch",
				);
				INFOPLIST_FILE = SmartWatch/Info.plist;
				IPHONEOS_DEPLOYMENT_TARGET = 10.0;
				LD_RUNPATH_SEARCH_PATHS = (
					"$(inherited)",
					"@executable_path/Frameworks",
				);
				PRODUCT_BUNDLE_IDENTIFIER = com.chong.SmartWatch;
				PRODUCT_NAME = "$(TARGET_NAME)";
				SWIFT_OBJC_BRIDGING_HEADER = SmartWatch/SmartWatch.h;
				SWIFT_VERSION = 5.0;
				TARGETED_DEVICE_FAMILY = 1;
			};
			name = Debug;
		};
		5930A7B5229C20E100221653 /* Release */ = {
			isa = XCBuildConfiguration;
			baseConfigurationReference = 463152CCEDFF51ED11182DB0 /* Pods-SmartWatch.release.xcconfig */;
			buildSettings = {
				ASSETCATALOG_COMPILER_APPICON_NAME = AppIcon;
				CODE_SIGN_STYLE = Automatic;
				DEVELOPMENT_TEAM = JN7JU5LSHZ;
				FRAMEWORK_SEARCH_PATHS = (
					"$(inherited)",
					"$(PROJECT_DIR)/SmartWatch",
				);
				INFOPLIST_FILE = SmartWatch/Info.plist;
				IPHONEOS_DEPLOYMENT_TARGET = 10.0;
				LD_RUNPATH_SEARCH_PATHS = (
					"$(inherited)",
					"@executable_path/Frameworks",
				);
				PRODUCT_BUNDLE_IDENTIFIER = com.chong.SmartWatch;
				PRODUCT_NAME = "$(TARGET_NAME)";
				SWIFT_OBJC_BRIDGING_HEADER = SmartWatch/SmartWatch.h;
				SWIFT_VERSION = 5.0;
				TARGETED_DEVICE_FAMILY = 1;
			};
			name = Release;
		};
/* End XCBuildConfiguration section */

/* Begin XCConfigurationList section */
		5930A79C229C20DF00221653 /* Build configuration list for PBXProject "SmartWatch" */ = {
			isa = XCConfigurationList;
			buildConfigurations = (
				5930A7B1229C20E100221653 /* Debug */,
				5930A7B2229C20E100221653 /* Release */,
			);
			defaultConfigurationIsVisible = 0;
			defaultConfigurationName = Release;
		};
		5930A7B3229C20E100221653 /* Build configuration list for PBXNativeTarget "SmartWatch" */ = {
			isa = XCConfigurationList;
			buildConfigurations = (
				5930A7B4229C20E100221653 /* Debug */,
				5930A7B5229C20E100221653 /* Release */,
			);
			defaultConfigurationIsVisible = 0;
			defaultConfigurationName = Release;
		};
/* End XCConfigurationList section */
	};
	rootObject = 5930A799229C20DF00221653 /* Project object */;
}
